// !$*UTF8*$!
{
	archiveVersion = 1;
	classes = {
	};
	objectVersion = 46;
	objects = {

/* Begin PBXBuildFile section */
		A34298D11D3FB7B40086B27C /* WebViewMenuViewController.swift in Sources */ = {isa = PBXBuildFile; fileRef = A34298D01D3FB7B40086B27C /* WebViewMenuViewController.swift */; };
		A352DAFD1B05D0B90035B4AF /* MenuViewController.swift in Sources */ = {isa = PBXBuildFile; fileRef = A352DAFC1B05D0B90035B4AF /* MenuViewController.swift */; };
		A352DB011B05D3770035B4AF /* SettingViewController.swift in Sources */ = {isa = PBXBuildFile; fileRef = A352DB001B05D3770035B4AF /* SettingViewController.swift */; };
		A3532B6E1D1673A000C47D97 /* Common.entitlements in Resources */ = {isa = PBXBuildFile; fileRef = A3532B641D164CF500C47D97 /* Common.entitlements */; };
		A3532B6F1D16989D00C47D97 /* Common.entitlements in Sources */ = {isa = PBXBuildFile; fileRef = A3532B641D164CF500C47D97 /* Common.entitlements */; };
		A361007A1D55AC7900B45BA2 /* FileViewController.swift in Sources */ = {isa = PBXBuildFile; fileRef = A36100781D55A64300B45BA2 /* FileViewController.swift */; };
		A361007B1D55AD3800B45BA2 /* NSFileManager+Haneke.swift in Sources */ = {isa = PBXBuildFile; fileRef = A3D2D8261BB7D5F7002491ED /* NSFileManager+Haneke.swift */; };
		A361007D1D55BC8C00B45BA2 /* DaiFileManager.swift in Sources */ = {isa = PBXBuildFile; fileRef = A361007C1D55BC8C00B45BA2 /* DaiFileManager.swift */; };
		A361007F1D5645DE00B45BA2 /* AudioRecorderMenuViewController.swift in Sources */ = {isa = PBXBuildFile; fileRef = A361007E1D5645DE00B45BA2 /* AudioRecorderMenuViewController.swift */; };
		A36906811D4DCE180043AFB6 /* AudioRecorderViewController.swift in Sources */ = {isa = PBXBuildFile; fileRef = A369067F1D4DCE180043AFB6 /* AudioRecorderViewController.swift */; };
		A36906821D4DCE180043AFB6 /* AudioRecorderViewController.xib in Resources */ = {isa = PBXBuildFile; fileRef = A36906801D4DCE180043AFB6 /* AudioRecorderViewController.xib */; };
		A36906851D4DEE140043AFB6 /* AudioRecorder.swift in Sources */ = {isa = PBXBuildFile; fileRef = A36906841D4DEE140043AFB6 /* AudioRecorder.swift */; };
		A36906871D4DF1B90043AFB6 /* AudioRecorder.xib in Resources */ = {isa = PBXBuildFile; fileRef = A36906861D4DF1B90043AFB6 /* AudioRecorder.xib */; };
		A3A082811BB92CE6009E5A04 /* Info.plist in Resources */ = {isa = PBXBuildFile; fileRef = A3A082801BB92CE6009E5A04 /* Info.plist */; };
		A3AC2F161C5A255A00356744 /* Log.swift in Sources */ = {isa = PBXBuildFile; fileRef = A3AC2F151C5A255A00356744 /* Log.swift */; };
		A3B91B9A1AC2895900DC3D5A /* InnerAddressBookCell.swift in Sources */ = {isa = PBXBuildFile; fileRef = A3B91B981AC2895900DC3D5A /* InnerAddressBookCell.swift */; };
		A3BA012E1B09BA1800EA1448 /* AIFlatSwitch.swift in Sources */ = {isa = PBXBuildFile; fileRef = A3BA012D1B09BA1800EA1448 /* AIFlatSwitch.swift */; };
		A3BA348E1B16DC95002C08C5 /* CustomerAddressBook.swift in Sources */ = {isa = PBXBuildFile; fileRef = A3BA348D1B16DC95002C08C5 /* CustomerAddressBook.swift */; };
		A3BA34921B16DEC5002C08C5 /* CustomerAddressItem.swift in Sources */ = {isa = PBXBuildFile; fileRef = A3BA34911B16DEC5002C08C5 /* CustomerAddressItem.swift */; };
		A3BA34941B16E510002C08C5 /* CustomerAddressGroupItem.swift in Sources */ = {isa = PBXBuildFile; fileRef = A3BA34931B16E510002C08C5 /* CustomerAddressGroupItem.swift */; };
		A3BA34961B16E81F002C08C5 /* CustomerSectionInfo.swift in Sources */ = {isa = PBXBuildFile; fileRef = A3BA34951B16E81F002C08C5 /* CustomerSectionInfo.swift */; };
		A3BA34981B16E8B8002C08C5 /* CustomerAddressBookHeader.swift in Sources */ = {isa = PBXBuildFile; fileRef = A3BA34971B16E8B8002C08C5 /* CustomerAddressBookHeader.swift */; };
		A3BA3A9C1ADE299C003025E4 /* DBAdapter.swift in Sources */ = {isa = PBXBuildFile; fileRef = A3BA3A9B1ADE299C003025E4 /* DBAdapter.swift */; };
		A3BA3B111ADE434B003025E4 /* SQLiteDB.swift in Sources */ = {isa = PBXBuildFile; fileRef = A3BA3AFE1ADE434B003025E4 /* SQLiteDB.swift */; };
		A3BA3B121ADE434B003025E4 /* String-Extras.swift in Sources */ = {isa = PBXBuildFile; fileRef = A3BA3AFF1ADE434B003025E4 /* String-Extras.swift */; };
		A3BA51481B07F21A00F1800A /* ContactHelper.swift in Sources */ = {isa = PBXBuildFile; fileRef = A3BA51471B07F21A00F1800A /* ContactHelper.swift */; };
		A3BA73CE1AFB3A4C002B5C2F /* AccessLogItem.swift in Sources */ = {isa = PBXBuildFile; fileRef = A3BA73CD1AFB3A4C002B5C2F /* AccessLogItem.swift */; };
		A3BA73D31AFB3F82002B5C2F /* Loger.swift in Sources */ = {isa = PBXBuildFile; fileRef = A3BA73D21AFB3F82002B5C2F /* Loger.swift */; };
		A3BA8A171AC11A1200CDDE05 /* SWXMLHash.swift in Sources */ = {isa = PBXBuildFile; fileRef = A3BA89B11AC11A1200CDDE05 /* SWXMLHash.swift */; };
		A3BA8A691AC1508900CDDE05 /* InnerAddressBook.swift in Sources */ = {isa = PBXBuildFile; fileRef = A3BA8A671AC1508900CDDE05 /* InnerAddressBook.swift */; };
		A3BA8A6C1AC1532800CDDE05 /* InnerAddresItem.swift in Sources */ = {isa = PBXBuildFile; fileRef = A3BA8A6B1AC1532800CDDE05 /* InnerAddresItem.swift */; };
		A3BAAC481B1BC59700A912E6 /* CustomerAddressMenuViewController.swift in Sources */ = {isa = PBXBuildFile; fileRef = A3BAAC471B1BC59700A912E6 /* CustomerAddressMenuViewController.swift */; };
		A3BAF41D1B19796E00D3EA3C /* CustomerAddressBookCell.swift in Sources */ = {isa = PBXBuildFile; fileRef = A3BAF41C1B19796E00D3EA3C /* CustomerAddressBookCell.swift */; };
		A3BC9A5A1ACE64FA0047F5C1 /* InnerAddressDeptItem.swift in Sources */ = {isa = PBXBuildFile; fileRef = A3BC9A591ACE64FA0047F5C1 /* InnerAddressDeptItem.swift */; };
		A3BC9A631ACE6A6D0047F5C1 /* InnerAddressBookHeader.swift in Sources */ = {isa = PBXBuildFile; fileRef = A3BC9A621ACE6A6D0047F5C1 /* InnerAddressBookHeader.swift */; };
		A3BC9A651ACE6CC60047F5C1 /* SectionInfo.swift in Sources */ = {isa = PBXBuildFile; fileRef = A3BC9A641ACE6CC60047F5C1 /* SectionInfo.swift */; };
		A3BD365E1AD7944700B59399 /* Message.swift in Sources */ = {isa = PBXBuildFile; fileRef = A3BD365D1AD7944700B59399 /* Message.swift */; };
		A3BD36671AD799A700B59399 /* FlowWebViewController.swift in Sources */ = {isa = PBXBuildFile; fileRef = A3BD36661AD799A700B59399 /* FlowWebViewController.swift */; };
		A3BDBDB91B045A940085DFF1 /* SlideMenuController.swift in Sources */ = {isa = PBXBuildFile; fileRef = A3BDBDB81B045A940085DFF1 /* SlideMenuController.swift */; };
		A3BDBDBD1B045E940085DFF1 /* RightMenuViewController.swift in Sources */ = {isa = PBXBuildFile; fileRef = A3BDBDBC1B045E940085DFF1 /* RightMenuViewController.swift */; };
		A3BDBDBF1B045EEF0085DFF1 /* InnerAddressMenuViewController.swift in Sources */ = {isa = PBXBuildFile; fileRef = A3BDBDBE1B045EEF0085DFF1 /* InnerAddressMenuViewController.swift */; };
		A3BDBDC31B04601A0085DFF1 /* NonMemuController.swift in Sources */ = {isa = PBXBuildFile; fileRef = A3BDBDC21B04601A0085DFF1 /* NonMemuController.swift */; };
		A3BDBDC51B04607E0085DFF1 /* GoViewController.swift in Sources */ = {isa = PBXBuildFile; fileRef = A3BDBDC41B04607E0085DFF1 /* GoViewController.swift */; };
		A3BDBDC71B0460FA0085DFF1 /* UIViewControllerExtension.swift in Sources */ = {isa = PBXBuildFile; fileRef = A3BDBDC61B0460FA0085DFF1 /* UIViewControllerExtension.swift */; };
		A3BDBDC91B0461980085DFF1 /* UIImageViewController.swift in Sources */ = {isa = PBXBuildFile; fileRef = A3BDBDC81B0461980085DFF1 /* UIImageViewController.swift */; };
		A3BDBDCB1B0462050085DFF1 /* BaseTableViewCell.swift in Sources */ = {isa = PBXBuildFile; fileRef = A3BDBDCA1B0462050085DFF1 /* BaseTableViewCell.swift */; };
		A3BDBDCD1B04625D0085DFF1 /* UITableViewExtension.swift in Sources */ = {isa = PBXBuildFile; fileRef = A3BDBDCC1B04625D0085DFF1 /* UITableViewExtension.swift */; };
		A3BDBDCF1B0462AB0085DFF1 /* StringExtension.swift in Sources */ = {isa = PBXBuildFile; fileRef = A3BDBDCE1B0462AB0085DFF1 /* StringExtension.swift */; };
		A3BE90791AD4FD5300D3630B /* Util.swift in Sources */ = {isa = PBXBuildFile; fileRef = A3BE90781AD4FD5300D3630B /* Util.swift */; };
		A3C0000C1B1C95AD0050EBCE /* SMSegment.swift in Sources */ = {isa = PBXBuildFile; fileRef = A3C0000B1B1C95AD0050EBCE /* SMSegment.swift */; };
		A3C0000E1B1C96130050EBCE /* SMSegmentView.swift in Sources */ = {isa = PBXBuildFile; fileRef = A3C0000D1B1C96130050EBCE /* SMSegmentView.swift */; };
		A3C1EA2C1B27211800075F8E /* CustomerLogItem.swift in Sources */ = {isa = PBXBuildFile; fileRef = A3C1EA2B1B27211800075F8E /* CustomerLogItem.swift */; };
		A3C28C9F1B25CD9A0018F308 /* CustomerAddressDetail.swift in Sources */ = {isa = PBXBuildFile; fileRef = A3C28C9D1B25CD9A0018F308 /* CustomerAddressDetail.swift */; };
		A3C2E2FD1AF2199400BBBB9A /* InnerAddressDetail.swift in Sources */ = {isa = PBXBuildFile; fileRef = A3C2E2FB1AF2199400BBBB9A /* InnerAddressDetail.swift */; };
		A3C325461B288A3C000953C8 /* Json.swift in Sources */ = {isa = PBXBuildFile; fileRef = A3C325451B288A3C000953C8 /* Json.swift */; };
		A3C73B061ABDEF96002C299D /* AppDelegate.swift in Sources */ = {isa = PBXBuildFile; fileRef = A3C73B051ABDEF96002C299D /* AppDelegate.swift */; };
		A3C73B1F1ABDEF97002C299D /* SWHYClientTests.swift in Sources */ = {isa = PBXBuildFile; fileRef = A3C73B1E1ABDEF97002C299D /* SWHYClientTests.swift */; };
		A3C73B2B1ABDEFD5002C299D /* Config.swift in Sources */ = {isa = PBXBuildFile; fileRef = A3C73B291ABDEFD5002C299D /* Config.swift */; };
		A3C73B2C1ABDEFD5002C299D /* NetworkEngine.swift in Sources */ = {isa = PBXBuildFile; fileRef = A3C73B2A1ABDEFD5002C299D /* NetworkEngine.swift */; };
		A3C73B391ABDF00D002C299D /* LoginViewController.swift in Sources */ = {isa = PBXBuildFile; fileRef = A3C73B2E1ABDF00D002C299D /* LoginViewController.swift */; };
		A3C73B3B1ABDF00D002C299D /* MainMenuItem.swift in Sources */ = {isa = PBXBuildFile; fileRef = A3C73B311ABDF00D002C299D /* MainMenuItem.swift */; };
		A3C73B3D1ABDF00D002C299D /* MainMenuItemBO.swift in Sources */ = {isa = PBXBuildFile; fileRef = A3C73B331ABDF00D002C299D /* MainMenuItemBO.swift */; };
		A3C73B3E1ABDF00D002C299D /* MainViewController.swift in Sources */ = {isa = PBXBuildFile; fileRef = A3C73B341ABDF00D002C299D /* MainViewController.swift */; };
		A3C73B3F1ABDF00D002C299D /* WebViewController.swift in Sources */ = {isa = PBXBuildFile; fileRef = A3C73B371ABDF00D002C299D /* WebViewController.swift */; };
		A3C997B11D3E66CC006EE61D /* CoreTelephony.framework in Frameworks */ = {isa = PBXBuildFile; fileRef = A3C997B01D3E66CC006EE61D /* CoreTelephony.framework */; };
		A3CAA52C1AC9185100600394 /* PKNotification.swift in Sources */ = {isa = PBXBuildFile; fileRef = A3CAA52B1AC9185100600394 /* PKNotification.swift */; };
		A3CB54DF1D5712BE00CBCFB5 /* AudioDetail.xib in Resources */ = {isa = PBXBuildFile; fileRef = A3CB54DE1D5712BE00CBCFB5 /* AudioDetail.xib */; };
		A3CB54E11D571C7900CBCFB5 /* AudioDetail.swift in Sources */ = {isa = PBXBuildFile; fileRef = A3CB54E01D571C7900CBCFB5 /* AudioDetail.swift */; };
		A3CB54E51D575A5D00CBCFB5 /* NSURL+xattr.swift in Sources */ = {isa = PBXBuildFile; fileRef = A3CB54E41D575A5D00CBCFB5 /* NSURL+xattr.swift */; };
		A3D2D82D1BB7D5F7002491ED /* Cache.swift in Sources */ = {isa = PBXBuildFile; fileRef = A3D2D8181BB7D5F7002491ED /* Cache.swift */; };
		A3D2D82E1BB7D5F7002491ED /* CGSize+Swift.swift in Sources */ = {isa = PBXBuildFile; fileRef = A3D2D8191BB7D5F7002491ED /* CGSize+Swift.swift */; };
		A3D2D82F1BB7D5F7002491ED /* CryptoSwiftMD5.swift in Sources */ = {isa = PBXBuildFile; fileRef = A3D2D81A1BB7D5F7002491ED /* CryptoSwiftMD5.swift */; };
		A3D2D8301BB7D5F7002491ED /* Data.swift in Sources */ = {isa = PBXBuildFile; fileRef = A3D2D81B1BB7D5F7002491ED /* Data.swift */; };
		A3D2D8311BB7D5F7002491ED /* DiskCache.swift in Sources */ = {isa = PBXBuildFile; fileRef = A3D2D81C1BB7D5F7002491ED /* DiskCache.swift */; };
		A3D2D8321BB7D5F7002491ED /* DiskFetcher.swift in Sources */ = {isa = PBXBuildFile; fileRef = A3D2D81D1BB7D5F7002491ED /* DiskFetcher.swift */; };
		A3D2D8331BB7D5F7002491ED /* Fetch.swift in Sources */ = {isa = PBXBuildFile; fileRef = A3D2D81E1BB7D5F7002491ED /* Fetch.swift */; };
		A3D2D8341BB7D5F7002491ED /* Fetcher.swift in Sources */ = {isa = PBXBuildFile; fileRef = A3D2D81F1BB7D5F7002491ED /* Fetcher.swift */; };
		A3D2D8351BB7D5F7002491ED /* Format.swift in Sources */ = {isa = PBXBuildFile; fileRef = A3D2D8201BB7D5F7002491ED /* Format.swift */; };
		A3D2D8361BB7D5F7002491ED /* Haneke.swift in Sources */ = {isa = PBXBuildFile; fileRef = A3D2D8221BB7D5F7002491ED /* Haneke.swift */; };
		A3D2D8391BB7D5F7002491ED /* NetworkFetcher.swift in Sources */ = {isa = PBXBuildFile; fileRef = A3D2D8251BB7D5F7002491ED /* NetworkFetcher.swift */; };
		A3D2D83B1BB7D5F7002491ED /* NSHTTPURLResponse+Haneke.swift in Sources */ = {isa = PBXBuildFile; fileRef = A3D2D8271BB7D5F7002491ED /* NSHTTPURLResponse+Haneke.swift */; };
		A3D2D83C1BB7D5F7002491ED /* String+Haneke.swift in Sources */ = {isa = PBXBuildFile; fileRef = A3D2D8281BB7D5F7002491ED /* String+Haneke.swift */; };
		A3D2D83D1BB7D5F7002491ED /* UIButton+Haneke.swift in Sources */ = {isa = PBXBuildFile; fileRef = A3D2D8291BB7D5F7002491ED /* UIButton+Haneke.swift */; };
		A3D2D83E1BB7D5F7002491ED /* UIImage+Haneke.swift in Sources */ = {isa = PBXBuildFile; fileRef = A3D2D82A1BB7D5F7002491ED /* UIImage+Haneke.swift */; };
		A3D2D83F1BB7D5F7002491ED /* UIImageView+Haneke.swift in Sources */ = {isa = PBXBuildFile; fileRef = A3D2D82B1BB7D5F7002491ED /* UIImageView+Haneke.swift */; };
		A3D2D8401BB7D5F7002491ED /* UIView+Haneke.swift in Sources */ = {isa = PBXBuildFile; fileRef = A3D2D82C1BB7D5F7002491ED /* UIView+Haneke.swift */; };
		A3D2D84E1BB7D908002491ED /* MKTextField.swift in Sources */ = {isa = PBXBuildFile; fileRef = A3D2D8471BB7D908002491ED /* MKTextField.swift */; };
		A3D2D88F1BB80BB3002491ED /* libsqlite3.tbd in Frameworks */ = {isa = PBXBuildFile; fileRef = A3D2D88E1BB80BB3002491ED /* libsqlite3.tbd */; };
		A3D2D8901BB80DFA002491ED /* MKButton.swift in Sources */ = {isa = PBXBuildFile; fileRef = A3D2D8411BB7D908002491ED /* MKButton.swift */; };
		A3D2D8911BB80DFA002491ED /* MKColor.swift in Sources */ = {isa = PBXBuildFile; fileRef = A3D2D8421BB7D908002491ED /* MKColor.swift */; };
		A3D2D8921BB80DFA002491ED /* MKImageView.swift in Sources */ = {isa = PBXBuildFile; fileRef = A3D2D8431BB7D908002491ED /* MKImageView.swift */; };
		A3D2D8931BB80DFA002491ED /* MKLabel.swift in Sources */ = {isa = PBXBuildFile; fileRef = A3D2D8441BB7D908002491ED /* MKLabel.swift */; };
		A3D2D8941BB80DFA002491ED /* MKLayer.swift in Sources */ = {isa = PBXBuildFile; fileRef = A3D2D8451BB7D908002491ED /* MKLayer.swift */; };
		A3D2D8951BB80DFA002491ED /* MKTableViewCell.swift in Sources */ = {isa = PBXBuildFile; fileRef = A3D2D8461BB7D908002491ED /* MKTableViewCell.swift */; };
		A3D2D8961BB8102C002491ED /* Setting.storyboard in Resources */ = {isa = PBXBuildFile; fileRef = A3BA87C61B05C2350098936C /* Setting.storyboard */; };
		A3D2D8971BB81038002491ED /* FlowWebViewController.xib in Resources */ = {isa = PBXBuildFile; fileRef = A3BD36681AD799D800B59399 /* FlowWebViewController.xib */; };
		A3D2D8981BB8104D002491ED /* MKButton.swift in Resources */ = {isa = PBXBuildFile; fileRef = A3D2D8411BB7D908002491ED /* MKButton.swift */; };
		A3D2D8991BB8104D002491ED /* MKColor.swift in Resources */ = {isa = PBXBuildFile; fileRef = A3D2D8421BB7D908002491ED /* MKColor.swift */; };
		A3D2D89A1BB8104E002491ED /* MKImageView.swift in Resources */ = {isa = PBXBuildFile; fileRef = A3D2D8431BB7D908002491ED /* MKImageView.swift */; };
		A3D2D89B1BB8104E002491ED /* MKLabel.swift in Resources */ = {isa = PBXBuildFile; fileRef = A3D2D8441BB7D908002491ED /* MKLabel.swift */; };
		A3D2D89C1BB8104E002491ED /* MKLayer.swift in Resources */ = {isa = PBXBuildFile; fileRef = A3D2D8451BB7D908002491ED /* MKLayer.swift */; };
		A3D2D89D1BB8104E002491ED /* MKTableViewCell.swift in Resources */ = {isa = PBXBuildFile; fileRef = A3D2D8461BB7D908002491ED /* MKTableViewCell.swift */; };
		A3D2D89E1BB8104E002491ED /* MKTextField.swift in Resources */ = {isa = PBXBuildFile; fileRef = A3D2D8471BB7D908002491ED /* MKTextField.swift */; };
		A3D2D8A01BB81071002491ED /* InnerAddressBook.xib in Resources */ = {isa = PBXBuildFile; fileRef = A3BA8A681AC1508900CDDE05 /* InnerAddressBook.xib */; };
		A3D2D8A11BB81080002491ED /* InnerAddressBookCell.xib in Resources */ = {isa = PBXBuildFile; fileRef = A3B91B991AC2895900DC3D5A /* InnerAddressBookCell.xib */; };
		A3D2D8A21BB810E6002491ED /* InnerAddressBookHeader.xib in Resources */ = {isa = PBXBuildFile; fileRef = A3BC9A601ACE697A0047F5C1 /* InnerAddressBookHeader.xib */; };
		A3D2D8A31BB810E6002491ED /* InnerAddressDetail.xib in Resources */ = {isa = PBXBuildFile; fileRef = A3C2E2FC1AF2199400BBBB9A /* InnerAddressDetail.xib */; };
		A3D2D8A41BB810E6002491ED /* CustomerAddressBook.xib in Resources */ = {isa = PBXBuildFile; fileRef = A3BAC9B31B18284700DA141B /* CustomerAddressBook.xib */; };
		A3D2D8A51BB810E6002491ED /* CustomerAddressBookCell.xib in Resources */ = {isa = PBXBuildFile; fileRef = A3BAC9B51B18364900DA141B /* CustomerAddressBookCell.xib */; };
		A3D2D8A61BB810E6002491ED /* CustomerAddressBookHeader.xib in Resources */ = {isa = PBXBuildFile; fileRef = A3BAC9B61B18364900DA141B /* CustomerAddressBookHeader.xib */; };
		A3D2D8A71BB810E6002491ED /* CustomerAddressDetail.xib in Resources */ = {isa = PBXBuildFile; fileRef = A3C28C9E1B25CD9A0018F308 /* CustomerAddressDetail.xib */; };
		A3D2D8A81BB810E6002491ED /* LoginViewController.xib in Resources */ = {isa = PBXBuildFile; fileRef = A3C73B2F1ABDF00D002C299D /* LoginViewController.xib */; };
		A3D2D8A91BB810E6002491ED /* MainMenuItem.xib in Resources */ = {isa = PBXBuildFile; fileRef = A3C73B321ABDF00D002C299D /* MainMenuItem.xib */; };
		A3D2D8AA1BB810E6002491ED /* MainViewController.xib in Resources */ = {isa = PBXBuildFile; fileRef = A3CD08501ABFAB1000020495 /* MainViewController.xib */; };
		A3D2D8AB1BB810E6002491ED /* WebViewController.xib in Resources */ = {isa = PBXBuildFile; fileRef = A3C73B381ABDF00D002C299D /* WebViewController.xib */; };
		A3D2D8AC1BB81B47002491ED /* Main.storyboard in Resources */ = {isa = PBXBuildFile; fileRef = A3BB358E1ADE609E0043CD94 /* Main.storyboard */; };
		A3D2D8AE1BB827FB002491ED /* data.db in Resources */ = {isa = PBXBuildFile; fileRef = A3D2D8AD1BB827FB002491ED /* data.db */; };
		A3D2D8AF1BB830E6002491ED /* Images.xcassets in Resources */ = {isa = PBXBuildFile; fileRef = A30C24C31AC53C8B003FBBB7 /* Images.xcassets */; };
		A3D6BFF91D61FC38008EE6F3 /* lame.framework in Frameworks */ = {isa = PBXBuildFile; fileRef = A3D6BFF81D61FC38008EE6F3 /* lame.framework */; };
		A3D6BFFC1D61FF65008EE6F3 /* AudioWrapper.m in Sources */ = {isa = PBXBuildFile; fileRef = A3D6BFFB1D61FF65008EE6F3 /* AudioWrapper.m */; };
		A3E8BA391CC2D4FA00B79E27 /* CoreDataModel.xcdatamodeld in Sources */ = {isa = PBXBuildFile; fileRef = A3E8BA371CC2D4FA00B79E27 /* CoreDataModel.xcdatamodeld */; };
		A3EA2D001D3E617B002D936D /* libWeChatSDK.a in Frameworks */ = {isa = PBXBuildFile; fileRef = A3EA2CFD1D3E617B002D936D /* libWeChatSDK.a */; };
		A3EA2D021D3E6227002D936D /* SystemConfiguration.framework in Frameworks */ = {isa = PBXBuildFile; fileRef = A3EA2D011D3E6227002D936D /* SystemConfiguration.framework */; };
		A3EA2D041D3E625B002D936D /* libz.tbd in Frameworks */ = {isa = PBXBuildFile; fileRef = A3EA2D031D3E625B002D936D /* libz.tbd */; };
		A3EA2D061D3E626C002D936D /* libsqlite3.0.tbd in Frameworks */ = {isa = PBXBuildFile; fileRef = A3EA2D051D3E626C002D936D /* libsqlite3.0.tbd */; };
		A3EA2D081D3E627C002D936D /* libc++.tbd in Frameworks */ = {isa = PBXBuildFile; fileRef = A3EA2D071D3E627C002D936D /* libc++.tbd */; };
		A3F7A9971BDB9EC500923D23 /* Security.framework in Frameworks */ = {isa = PBXBuildFile; fileRef = A3F7A9961BDB9EC500923D23 /* Security.framework */; };
		A3F7A9D31BDBA61100923D23 /* KeychainService.swift in Sources */ = {isa = PBXBuildFile; fileRef = A3F7A9D21BDBA61100923D23 /* KeychainService.swift */; };
		A3F7A9D51BDBA66100923D23 /* KeychainQuery.swift in Sources */ = {isa = PBXBuildFile; fileRef = A3F7A9D41BDBA66100923D23 /* KeychainQuery.swift */; };
		A3F7A9D71BDBA68800923D23 /* KeychainItem.swift in Sources */ = {isa = PBXBuildFile; fileRef = A3F7A9D61BDBA68800923D23 /* KeychainItem.swift */; };
		A3F7A9D91BDBA6AF00923D23 /* Keychain.swift in Sources */ = {isa = PBXBuildFile; fileRef = A3F7A9D81BDBA6AF00923D23 /* Keychain.swift */; };
		A3F7A9DB1BDBA6DE00923D23 /* GenericKey.swift in Sources */ = {isa = PBXBuildFile; fileRef = A3F7A9DA1BDBA6DE00923D23 /* GenericKey.swift */; };
		A3F7A9DD1BDBA70200923D23 /* ArchiveKey.swift in Sources */ = {isa = PBXBuildFile; fileRef = A3F7A9DC1BDBA70200923D23 /* ArchiveKey.swift */; };
/* End PBXBuildFile section */

/* Begin PBXContainerItemProxy section */
		A3C73B191ABDEF96002C299D /* PBXContainerItemProxy */ = {
			isa = PBXContainerItemProxy;
			containerPortal = A3C73AF81ABDEF96002C299D /* Project object */;
			proxyType = 1;
			remoteGlobalIDString = A3C73AFF1ABDEF96002C299D;
			remoteInfo = SWHYClient;
		};
/* End PBXContainerItemProxy section */

/* Begin PBXCopyFilesBuildPhase section */
		A3BEA0EA1ABEA296003B1162 /* Embed Frameworks */ = {
			isa = PBXCopyFilesBuildPhase;
			buildActionMask = 2147483647;
			dstPath = "";
			dstSubfolderSpec = 10;
			files = (
			);
			name = "Embed Frameworks";
			runOnlyForDeploymentPostprocessing = 0;
		};
		A3BEA1051ABEA3DC003B1162 /* CopyFiles */ = {
			isa = PBXCopyFilesBuildPhase;
			buildActionMask = 2147483647;
			dstPath = "";
			dstSubfolderSpec = 10;
			files = (
			);
			runOnlyForDeploymentPostprocessing = 0;
		};
/* End PBXCopyFilesBuildPhase section */

/* Begin PBXFileReference section */
		A30C24C31AC53C8B003FBBB7 /* Images.xcassets */ = {isa = PBXFileReference; lastKnownFileType = folder.assetcatalog; path = Images.xcassets; sourceTree = "<group>"; };
		A34298D01D3FB7B40086B27C /* WebViewMenuViewController.swift */ = {isa = PBXFileReference; fileEncoding = 4; lastKnownFileType = sourcecode.swift; path = WebViewMenuViewController.swift; sourceTree = "<group>"; };
		A352DAFC1B05D0B90035B4AF /* MenuViewController.swift */ = {isa = PBXFileReference; fileEncoding = 4; lastKnownFileType = sourcecode.swift; path = MenuViewController.swift; sourceTree = "<group>"; };
		A352DB001B05D3770035B4AF /* SettingViewController.swift */ = {isa = PBXFileReference; fileEncoding = 4; lastKnownFileType = sourcecode.swift; path = SettingViewController.swift; sourceTree = "<group>"; };
		A3532B641D164CF500C47D97 /* Common.entitlements */ = {isa = PBXFileReference; fileEncoding = 4; lastKnownFileType = text.xml; name = Common.entitlements; path = SWHYClient/Common.entitlements; sourceTree = "<group>"; };
		A36100781D55A64300B45BA2 /* FileViewController.swift */ = {isa = PBXFileReference; fileEncoding = 4; lastKnownFileType = sourcecode.swift; path = FileViewController.swift; sourceTree = "<group>"; };
		A361007C1D55BC8C00B45BA2 /* DaiFileManager.swift */ = {isa = PBXFileReference; fileEncoding = 4; lastKnownFileType = sourcecode.swift; path = DaiFileManager.swift; sourceTree = "<group>"; };
		A361007E1D5645DE00B45BA2 /* AudioRecorderMenuViewController.swift */ = {isa = PBXFileReference; fileEncoding = 4; lastKnownFileType = sourcecode.swift; path = AudioRecorderMenuViewController.swift; sourceTree = "<group>"; };
		A369067F1D4DCE180043AFB6 /* AudioRecorderViewController.swift */ = {isa = PBXFileReference; fileEncoding = 4; lastKnownFileType = sourcecode.swift; path = AudioRecorderViewController.swift; sourceTree = "<group>"; };
		A36906801D4DCE180043AFB6 /* AudioRecorderViewController.xib */ = {isa = PBXFileReference; fileEncoding = 4; lastKnownFileType = file.xib; path = AudioRecorderViewController.xib; sourceTree = "<group>"; };
		A36906841D4DEE140043AFB6 /* AudioRecorder.swift */ = {isa = PBXFileReference; fileEncoding = 4; lastKnownFileType = sourcecode.swift; path = AudioRecorder.swift; sourceTree = "<group>"; };
		A36906861D4DF1B90043AFB6 /* AudioRecorder.xib */ = {isa = PBXFileReference; fileEncoding = 4; lastKnownFileType = file.xib; path = AudioRecorder.xib; sourceTree = "<group>"; };
		A3A082801BB92CE6009E5A04 /* Info.plist */ = {isa = PBXFileReference; fileEncoding = 4; lastKnownFileType = text.plist.xml; name = Info.plist; path = SWHYClient/Info.plist; sourceTree = "<group>"; };
		A3AC2F151C5A255A00356744 /* Log.swift */ = {isa = PBXFileReference; fileEncoding = 4; lastKnownFileType = sourcecode.swift; path = Log.swift; sourceTree = "<group>"; };
		A3B91B981AC2895900DC3D5A /* InnerAddressBookCell.swift */ = {isa = PBXFileReference; fileEncoding = 4; lastKnownFileType = sourcecode.swift; path = InnerAddressBookCell.swift; sourceTree = "<group>"; };
		A3B91B991AC2895900DC3D5A /* InnerAddressBookCell.xib */ = {isa = PBXFileReference; fileEncoding = 4; lastKnownFileType = file.xib; path = InnerAddressBookCell.xib; sourceTree = "<group>"; };
		A3BA012D1B09BA1800EA1448 /* AIFlatSwitch.swift */ = {isa = PBXFileReference; fileEncoding = 4; lastKnownFileType = sourcecode.swift; path = AIFlatSwitch.swift; sourceTree = "<group>"; };
		A3BA33911B02FE5E00EA6A06 /* Settings.bundle */ = {isa = PBXFileReference; lastKnownFileType = "wrapper.plug-in"; path = Settings.bundle; sourceTree = "<group>"; };
		A3BA348D1B16DC95002C08C5 /* CustomerAddressBook.swift */ = {isa = PBXFileReference; fileEncoding = 4; lastKnownFileType = sourcecode.swift; name = CustomerAddressBook.swift; path = SWHYClient/CustomerAddresBook/CustomerAddressBook.swift; sourceTree = SOURCE_ROOT; };
		A3BA34911B16DEC5002C08C5 /* CustomerAddressItem.swift */ = {isa = PBXFileReference; fileEncoding = 4; lastKnownFileType = sourcecode.swift; name = CustomerAddressItem.swift; path = SWHYClient/CustomerAddresBook/CustomerAddressItem.swift; sourceTree = SOURCE_ROOT; };
		A3BA34931B16E510002C08C5 /* CustomerAddressGroupItem.swift */ = {isa = PBXFileReference; fileEncoding = 4; lastKnownFileType = sourcecode.swift; name = CustomerAddressGroupItem.swift; path = SWHYClient/CustomerAddresBook/CustomerAddressGroupItem.swift; sourceTree = SOURCE_ROOT; };
		A3BA34951B16E81F002C08C5 /* CustomerSectionInfo.swift */ = {isa = PBXFileReference; fileEncoding = 4; lastKnownFileType = sourcecode.swift; name = CustomerSectionInfo.swift; path = SWHYClient/CustomerAddresBook/CustomerSectionInfo.swift; sourceTree = SOURCE_ROOT; };
		A3BA34971B16E8B8002C08C5 /* CustomerAddressBookHeader.swift */ = {isa = PBXFileReference; fileEncoding = 4; lastKnownFileType = sourcecode.swift; name = CustomerAddressBookHeader.swift; path = SWHYClient/CustomerAddresBook/CustomerAddressBookHeader.swift; sourceTree = SOURCE_ROOT; };
		A3BA3A9B1ADE299C003025E4 /* DBAdapter.swift */ = {isa = PBXFileReference; fileEncoding = 4; lastKnownFileType = sourcecode.swift; path = DBAdapter.swift; sourceTree = "<group>"; };
		A3BA3AC41ADE3B5B003025E4 /* BridgeHeader.h */ = {isa = PBXFileReference; lastKnownFileType = sourcecode.c.h; path = BridgeHeader.h; sourceTree = "<group>"; };
		A3BA3ADB1ADE434B003025E4 /* .gitignore */ = {isa = PBXFileReference; fileEncoding = 4; lastKnownFileType = text; path = .gitignore; sourceTree = "<group>"; };
		A3BA3AFD1ADE434B003025E4 /* README.md */ = {isa = PBXFileReference; fileEncoding = 4; lastKnownFileType = net.daringfireball.markdown; path = README.md; sourceTree = "<group>"; };
		A3BA3AFE1ADE434B003025E4 /* SQLiteDB.swift */ = {isa = PBXFileReference; fileEncoding = 4; lastKnownFileType = sourcecode.swift; path = SQLiteDB.swift; sourceTree = "<group>"; };
		A3BA3AFF1ADE434B003025E4 /* String-Extras.swift */ = {isa = PBXFileReference; fileEncoding = 4; lastKnownFileType = sourcecode.swift; path = "String-Extras.swift"; sourceTree = "<group>"; };
		A3BA51471B07F21A00F1800A /* ContactHelper.swift */ = {isa = PBXFileReference; fileEncoding = 4; lastKnownFileType = sourcecode.swift; path = ContactHelper.swift; sourceTree = "<group>"; };
		A3BA73CD1AFB3A4C002B5C2F /* AccessLogItem.swift */ = {isa = PBXFileReference; fileEncoding = 4; lastKnownFileType = sourcecode.swift; path = AccessLogItem.swift; sourceTree = "<group>"; };
		A3BA73D21AFB3F82002B5C2F /* Loger.swift */ = {isa = PBXFileReference; fileEncoding = 4; lastKnownFileType = sourcecode.swift; path = Loger.swift; sourceTree = "<group>"; };
		A3BA87C61B05C2350098936C /* Setting.storyboard */ = {isa = PBXFileReference; fileEncoding = 4; lastKnownFileType = file.storyboard; path = Setting.storyboard; sourceTree = "<group>"; };
		A3BA89AE1AC11A1200CDDE05 /* LICENSE */ = {isa = PBXFileReference; fileEncoding = 4; lastKnownFileType = text; path = LICENSE; sourceTree = "<group>"; };
		A3BA89AF1AC11A1200CDDE05 /* README.md */ = {isa = PBXFileReference; fileEncoding = 4; lastKnownFileType = net.daringfireball.markdown; path = README.md; sourceTree = "<group>"; };
		A3BA89B11AC11A1200CDDE05 /* SWXMLHash.swift */ = {isa = PBXFileReference; fileEncoding = 4; lastKnownFileType = sourcecode.swift; path = SWXMLHash.swift; sourceTree = "<group>"; };
		A3BA8A671AC1508900CDDE05 /* InnerAddressBook.swift */ = {isa = PBXFileReference; fileEncoding = 4; lastKnownFileType = sourcecode.swift; path = InnerAddressBook.swift; sourceTree = "<group>"; };
		A3BA8A681AC1508900CDDE05 /* InnerAddressBook.xib */ = {isa = PBXFileReference; fileEncoding = 4; lastKnownFileType = file.xib; path = InnerAddressBook.xib; sourceTree = "<group>"; };
		A3BA8A6B1AC1532800CDDE05 /* InnerAddresItem.swift */ = {isa = PBXFileReference; fileEncoding = 4; lastKnownFileType = sourcecode.swift; path = InnerAddresItem.swift; sourceTree = "<group>"; };
		A3BAAC471B1BC59700A912E6 /* CustomerAddressMenuViewController.swift */ = {isa = PBXFileReference; fileEncoding = 4; lastKnownFileType = sourcecode.swift; path = CustomerAddressMenuViewController.swift; sourceTree = "<group>"; };
		A3BAC9B31B18284700DA141B /* CustomerAddressBook.xib */ = {isa = PBXFileReference; fileEncoding = 4; lastKnownFileType = file.xib; name = CustomerAddressBook.xib; path = SWHYClient/CustomerAddresBook/CustomerAddressBook.xib; sourceTree = SOURCE_ROOT; };
		A3BAC9B51B18364900DA141B /* CustomerAddressBookCell.xib */ = {isa = PBXFileReference; fileEncoding = 4; lastKnownFileType = file.xib; name = CustomerAddressBookCell.xib; path = SWHYClient/CustomerAddresBook/CustomerAddressBookCell.xib; sourceTree = SOURCE_ROOT; };
		A3BAC9B61B18364900DA141B /* CustomerAddressBookHeader.xib */ = {isa = PBXFileReference; fileEncoding = 4; lastKnownFileType = file.xib; name = CustomerAddressBookHeader.xib; path = SWHYClient/CustomerAddresBook/CustomerAddressBookHeader.xib; sourceTree = SOURCE_ROOT; };
		A3BAF41C1B19796E00D3EA3C /* CustomerAddressBookCell.swift */ = {isa = PBXFileReference; fileEncoding = 4; lastKnownFileType = sourcecode.swift; name = CustomerAddressBookCell.swift; path = SWHYClient/CustomerAddresBook/CustomerAddressBookCell.swift; sourceTree = SOURCE_ROOT; };
		A3BB358F1ADE609E0043CD94 /* Base */ = {isa = PBXFileReference; lastKnownFileType = file.storyboard; name = Base; path = Base.lproj/Main.storyboard; sourceTree = "<group>"; };
		A3BC9A591ACE64FA0047F5C1 /* InnerAddressDeptItem.swift */ = {isa = PBXFileReference; fileEncoding = 4; lastKnownFileType = sourcecode.swift; path = InnerAddressDeptItem.swift; sourceTree = "<group>"; };
		A3BC9A601ACE697A0047F5C1 /* InnerAddressBookHeader.xib */ = {isa = PBXFileReference; fileEncoding = 4; lastKnownFileType = file.xib; path = InnerAddressBookHeader.xib; sourceTree = "<group>"; };
		A3BC9A621ACE6A6D0047F5C1 /* InnerAddressBookHeader.swift */ = {isa = PBXFileReference; fileEncoding = 4; lastKnownFileType = sourcecode.swift; path = InnerAddressBookHeader.swift; sourceTree = "<group>"; };
		A3BC9A641ACE6CC60047F5C1 /* SectionInfo.swift */ = {isa = PBXFileReference; fileEncoding = 4; lastKnownFileType = sourcecode.swift; path = SectionInfo.swift; sourceTree = "<group>"; };
		A3BCAFF61ADF7DB200C81B4D /* data.db */ = {isa = PBXFileReference; fileEncoding = 4; lastKnownFileType = text; path = data.db; sourceTree = "<group>"; };
		A3BD365D1AD7944700B59399 /* Message.swift */ = {isa = PBXFileReference; fileEncoding = 4; lastKnownFileType = sourcecode.swift; path = Message.swift; sourceTree = "<group>"; };
		A3BD36661AD799A700B59399 /* FlowWebViewController.swift */ = {isa = PBXFileReference; fileEncoding = 4; lastKnownFileType = sourcecode.swift; path = FlowWebViewController.swift; sourceTree = "<group>"; };
		A3BD36681AD799D800B59399 /* FlowWebViewController.xib */ = {isa = PBXFileReference; fileEncoding = 4; lastKnownFileType = file.xib; path = FlowWebViewController.xib; sourceTree = "<group>"; };
		A3BDBDB81B045A940085DFF1 /* SlideMenuController.swift */ = {isa = PBXFileReference; fileEncoding = 4; lastKnownFileType = sourcecode.swift; path = SlideMenuController.swift; sourceTree = "<group>"; };
		A3BDBDBC1B045E940085DFF1 /* RightMenuViewController.swift */ = {isa = PBXFileReference; fileEncoding = 4; lastKnownFileType = sourcecode.swift; path = RightMenuViewController.swift; sourceTree = "<group>"; };
		A3BDBDBE1B045EEF0085DFF1 /* InnerAddressMenuViewController.swift */ = {isa = PBXFileReference; fileEncoding = 4; lastKnownFileType = sourcecode.swift; path = InnerAddressMenuViewController.swift; sourceTree = "<group>"; };
		A3BDBDC21B04601A0085DFF1 /* NonMemuController.swift */ = {isa = PBXFileReference; fileEncoding = 4; lastKnownFileType = sourcecode.swift; path = NonMemuController.swift; sourceTree = "<group>"; };
		A3BDBDC41B04607E0085DFF1 /* GoViewController.swift */ = {isa = PBXFileReference; fileEncoding = 4; lastKnownFileType = sourcecode.swift; path = GoViewController.swift; sourceTree = "<group>"; };
		A3BDBDC61B0460FA0085DFF1 /* UIViewControllerExtension.swift */ = {isa = PBXFileReference; fileEncoding = 4; lastKnownFileType = sourcecode.swift; path = UIViewControllerExtension.swift; sourceTree = "<group>"; };
		A3BDBDC81B0461980085DFF1 /* UIImageViewController.swift */ = {isa = PBXFileReference; fileEncoding = 4; lastKnownFileType = sourcecode.swift; path = UIImageViewController.swift; sourceTree = "<group>"; };
		A3BDBDCA1B0462050085DFF1 /* BaseTableViewCell.swift */ = {isa = PBXFileReference; fileEncoding = 4; lastKnownFileType = sourcecode.swift; path = BaseTableViewCell.swift; sourceTree = "<group>"; };
		A3BDBDCC1B04625D0085DFF1 /* UITableViewExtension.swift */ = {isa = PBXFileReference; fileEncoding = 4; lastKnownFileType = sourcecode.swift; path = UITableViewExtension.swift; sourceTree = "<group>"; };
		A3BDBDCE1B0462AB0085DFF1 /* StringExtension.swift */ = {isa = PBXFileReference; fileEncoding = 4; lastKnownFileType = sourcecode.swift; path = StringExtension.swift; sourceTree = "<group>"; };
		A3BE90781AD4FD5300D3630B /* Util.swift */ = {isa = PBXFileReference; fileEncoding = 4; lastKnownFileType = sourcecode.swift; path = Util.swift; sourceTree = "<group>"; };
		A3C0000B1B1C95AD0050EBCE /* SMSegment.swift */ = {isa = PBXFileReference; fileEncoding = 4; lastKnownFileType = sourcecode.swift; path = SMSegment.swift; sourceTree = "<group>"; };
		A3C0000D1B1C96130050EBCE /* SMSegmentView.swift */ = {isa = PBXFileReference; fileEncoding = 4; lastKnownFileType = sourcecode.swift; path = SMSegmentView.swift; sourceTree = "<group>"; };
		A3C1EA2B1B27211800075F8E /* CustomerLogItem.swift */ = {isa = PBXFileReference; fileEncoding = 4; lastKnownFileType = sourcecode.swift; path = CustomerLogItem.swift; sourceTree = "<group>"; };
		A3C28C9D1B25CD9A0018F308 /* CustomerAddressDetail.swift */ = {isa = PBXFileReference; fileEncoding = 4; lastKnownFileType = sourcecode.swift; name = CustomerAddressDetail.swift; path = SWHYClient/CustomerAddresBook/CustomerAddressDetail.swift; sourceTree = SOURCE_ROOT; };
		A3C28C9E1B25CD9A0018F308 /* CustomerAddressDetail.xib */ = {isa = PBXFileReference; fileEncoding = 4; lastKnownFileType = file.xib; name = CustomerAddressDetail.xib; path = SWHYClient/CustomerAddresBook/CustomerAddressDetail.xib; sourceTree = SOURCE_ROOT; };
		A3C2E2FB1AF2199400BBBB9A /* InnerAddressDetail.swift */ = {isa = PBXFileReference; fileEncoding = 4; lastKnownFileType = sourcecode.swift; path = InnerAddressDetail.swift; sourceTree = "<group>"; };
		A3C2E2FC1AF2199400BBBB9A /* InnerAddressDetail.xib */ = {isa = PBXFileReference; fileEncoding = 4; lastKnownFileType = file.xib; path = InnerAddressDetail.xib; sourceTree = "<group>"; };
		A3C325451B288A3C000953C8 /* Json.swift */ = {isa = PBXFileReference; fileEncoding = 4; lastKnownFileType = sourcecode.swift; path = Json.swift; sourceTree = "<group>"; };
		A3C73B001ABDEF96002C299D /* SWHYClient_DEV.app */ = {isa = PBXFileReference; explicitFileType = wrapper.application; includeInIndex = 0; path = SWHYClient_DEV.app; sourceTree = BUILT_PRODUCTS_DIR; };
		A3C73B041ABDEF96002C299D /* Info.plist */ = {isa = PBXFileReference; lastKnownFileType = text.plist.xml; path = Info.plist; sourceTree = "<group>"; };
		A3C73B051ABDEF96002C299D /* AppDelegate.swift */ = {isa = PBXFileReference; lastKnownFileType = sourcecode.swift; path = AppDelegate.swift; sourceTree = "<group>"; };
		A3C73B081ABDEF96002C299D /* SWHYClient.xcdatamodel */ = {isa = PBXFileReference; lastKnownFileType = wrapper.xcdatamodel; path = SWHYClient.xcdatamodel; sourceTree = "<group>"; };
		A3C73B121ABDEF96002C299D /* Base */ = {isa = PBXFileReference; lastKnownFileType = file.xib; name = Base; path = Base.lproj/LaunchScreen_bak.xib; sourceTree = "<group>"; };
		A3C73B181ABDEF96002C299D /* SWHYClient_DEV.xctest */ = {isa = PBXFileReference; explicitFileType = wrapper.cfbundle; includeInIndex = 0; path = SWHYClient_DEV.xctest; sourceTree = BUILT_PRODUCTS_DIR; };
		A3C73B1D1ABDEF97002C299D /* Info.plist */ = {isa = PBXFileReference; lastKnownFileType = text.plist.xml; path = Info.plist; sourceTree = "<group>"; };
		A3C73B1E1ABDEF97002C299D /* SWHYClientTests.swift */ = {isa = PBXFileReference; lastKnownFileType = sourcecode.swift; path = SWHYClientTests.swift; sourceTree = "<group>"; };
		A3C73B291ABDEFD5002C299D /* Config.swift */ = {isa = PBXFileReference; fileEncoding = 4; lastKnownFileType = sourcecode.swift; path = Config.swift; sourceTree = "<group>"; };
		A3C73B2A1ABDEFD5002C299D /* NetworkEngine.swift */ = {isa = PBXFileReference; fileEncoding = 4; lastKnownFileType = sourcecode.swift; path = NetworkEngine.swift; sourceTree = "<group>"; };
		A3C73B2E1ABDF00D002C299D /* LoginViewController.swift */ = {isa = PBXFileReference; fileEncoding = 4; lastKnownFileType = sourcecode.swift; path = LoginViewController.swift; sourceTree = "<group>"; };
		A3C73B2F1ABDF00D002C299D /* LoginViewController.xib */ = {isa = PBXFileReference; fileEncoding = 4; lastKnownFileType = file.xib; path = LoginViewController.xib; sourceTree = "<group>"; };
		A3C73B311ABDF00D002C299D /* MainMenuItem.swift */ = {isa = PBXFileReference; fileEncoding = 4; lastKnownFileType = sourcecode.swift; path = MainMenuItem.swift; sourceTree = "<group>"; };
		A3C73B321ABDF00D002C299D /* MainMenuItem.xib */ = {isa = PBXFileReference; fileEncoding = 4; lastKnownFileType = file.xib; path = MainMenuItem.xib; sourceTree = "<group>"; };
		A3C73B331ABDF00D002C299D /* MainMenuItemBO.swift */ = {isa = PBXFileReference; fileEncoding = 4; lastKnownFileType = sourcecode.swift; path = MainMenuItemBO.swift; sourceTree = "<group>"; };
		A3C73B341ABDF00D002C299D /* MainViewController.swift */ = {isa = PBXFileReference; fileEncoding = 4; lastKnownFileType = sourcecode.swift; path = MainViewController.swift; sourceTree = "<group>"; };
		A3C73B371ABDF00D002C299D /* WebViewController.swift */ = {isa = PBXFileReference; fileEncoding = 4; lastKnownFileType = sourcecode.swift; path = WebViewController.swift; sourceTree = "<group>"; };
		A3C73B381ABDF00D002C299D /* WebViewController.xib */ = {isa = PBXFileReference; fileEncoding = 4; lastKnownFileType = file.xib; path = WebViewController.xib; sourceTree = "<group>"; };
		A3C7856F1ACD1B1400428160 /* back.xib */ = {isa = PBXFileReference; fileEncoding = 4; lastKnownFileType = file.xib; path = back.xib; sourceTree = "<group>"; };
		A3C997B01D3E66CC006EE61D /* CoreTelephony.framework */ = {isa = PBXFileReference; lastKnownFileType = wrapper.framework; name = CoreTelephony.framework; path = System/Library/Frameworks/CoreTelephony.framework; sourceTree = SDKROOT; };
		A3CAA52B1AC9185100600394 /* PKNotification.swift */ = {isa = PBXFileReference; fileEncoding = 4; lastKnownFileType = sourcecode.swift; path = PKNotification.swift; sourceTree = "<group>"; };
		A3CB54DE1D5712BE00CBCFB5 /* AudioDetail.xib */ = {isa = PBXFileReference; fileEncoding = 4; lastKnownFileType = file.xib; path = AudioDetail.xib; sourceTree = "<group>"; };
		A3CB54E01D571C7900CBCFB5 /* AudioDetail.swift */ = {isa = PBXFileReference; fileEncoding = 4; lastKnownFileType = sourcecode.swift; path = AudioDetail.swift; sourceTree = "<group>"; };
		A3CB54E41D575A5D00CBCFB5 /* NSURL+xattr.swift */ = {isa = PBXFileReference; fileEncoding = 4; lastKnownFileType = sourcecode.swift; path = "NSURL+xattr.swift"; sourceTree = "<group>"; };
		A3CD08501ABFAB1000020495 /* MainViewController.xib */ = {isa = PBXFileReference; fileEncoding = 4; lastKnownFileType = file.xib; path = MainViewController.xib; sourceTree = "<group>"; };
		A3D2D8181BB7D5F7002491ED /* Cache.swift */ = {isa = PBXFileReference; fileEncoding = 4; lastKnownFileType = sourcecode.swift; path = Cache.swift; sourceTree = "<group>"; };
		A3D2D8191BB7D5F7002491ED /* CGSize+Swift.swift */ = {isa = PBXFileReference; fileEncoding = 4; lastKnownFileType = sourcecode.swift; path = "CGSize+Swift.swift"; sourceTree = "<group>"; };
		A3D2D81A1BB7D5F7002491ED /* CryptoSwiftMD5.swift */ = {isa = PBXFileReference; fileEncoding = 4; lastKnownFileType = sourcecode.swift; path = CryptoSwiftMD5.swift; sourceTree = "<group>"; };
		A3D2D81B1BB7D5F7002491ED /* Data.swift */ = {isa = PBXFileReference; fileEncoding = 4; lastKnownFileType = sourcecode.swift; path = Data.swift; sourceTree = "<group>"; };
		A3D2D81C1BB7D5F7002491ED /* DiskCache.swift */ = {isa = PBXFileReference; fileEncoding = 4; lastKnownFileType = sourcecode.swift; path = DiskCache.swift; sourceTree = "<group>"; };
		A3D2D81D1BB7D5F7002491ED /* DiskFetcher.swift */ = {isa = PBXFileReference; fileEncoding = 4; lastKnownFileType = sourcecode.swift; path = DiskFetcher.swift; sourceTree = "<group>"; };
		A3D2D81E1BB7D5F7002491ED /* Fetch.swift */ = {isa = PBXFileReference; fileEncoding = 4; lastKnownFileType = sourcecode.swift; path = Fetch.swift; sourceTree = "<group>"; };
		A3D2D81F1BB7D5F7002491ED /* Fetcher.swift */ = {isa = PBXFileReference; fileEncoding = 4; lastKnownFileType = sourcecode.swift; path = Fetcher.swift; sourceTree = "<group>"; };
		A3D2D8201BB7D5F7002491ED /* Format.swift */ = {isa = PBXFileReference; fileEncoding = 4; lastKnownFileType = sourcecode.swift; path = Format.swift; sourceTree = "<group>"; };
		A3D2D8211BB7D5F7002491ED /* Haneke.h */ = {isa = PBXFileReference; fileEncoding = 4; lastKnownFileType = sourcecode.c.h; path = Haneke.h; sourceTree = "<group>"; };
		A3D2D8221BB7D5F7002491ED /* Haneke.swift */ = {isa = PBXFileReference; fileEncoding = 4; lastKnownFileType = sourcecode.swift; path = Haneke.swift; sourceTree = "<group>"; };
		A3D2D8231BB7D5F7002491ED /* Info.plist */ = {isa = PBXFileReference; fileEncoding = 4; lastKnownFileType = text.plist.xml; path = Info.plist; sourceTree = "<group>"; };
		A3D2D8251BB7D5F7002491ED /* NetworkFetcher.swift */ = {isa = PBXFileReference; fileEncoding = 4; lastKnownFileType = sourcecode.swift; path = NetworkFetcher.swift; sourceTree = "<group>"; };
		A3D2D8261BB7D5F7002491ED /* NSFileManager+Haneke.swift */ = {isa = PBXFileReference; fileEncoding = 4; lastKnownFileType = sourcecode.swift; path = "NSFileManager+Haneke.swift"; sourceTree = "<group>"; };
		A3D2D8271BB7D5F7002491ED /* NSHTTPURLResponse+Haneke.swift */ = {isa = PBXFileReference; fileEncoding = 4; lastKnownFileType = sourcecode.swift; path = "NSHTTPURLResponse+Haneke.swift"; sourceTree = "<group>"; };
		A3D2D8281BB7D5F7002491ED /* String+Haneke.swift */ = {isa = PBXFileReference; fileEncoding = 4; lastKnownFileType = sourcecode.swift; path = "String+Haneke.swift"; sourceTree = "<group>"; };
		A3D2D8291BB7D5F7002491ED /* UIButton+Haneke.swift */ = {isa = PBXFileReference; fileEncoding = 4; lastKnownFileType = sourcecode.swift; path = "UIButton+Haneke.swift"; sourceTree = "<group>"; };
		A3D2D82A1BB7D5F7002491ED /* UIImage+Haneke.swift */ = {isa = PBXFileReference; fileEncoding = 4; lastKnownFileType = sourcecode.swift; path = "UIImage+Haneke.swift"; sourceTree = "<group>"; };
		A3D2D82B1BB7D5F7002491ED /* UIImageView+Haneke.swift */ = {isa = PBXFileReference; fileEncoding = 4; lastKnownFileType = sourcecode.swift; path = "UIImageView+Haneke.swift"; sourceTree = "<group>"; };
		A3D2D82C1BB7D5F7002491ED /* UIView+Haneke.swift */ = {isa = PBXFileReference; fileEncoding = 4; lastKnownFileType = sourcecode.swift; path = "UIView+Haneke.swift"; sourceTree = "<group>"; };
		A3D2D8411BB7D908002491ED /* MKButton.swift */ = {isa = PBXFileReference; fileEncoding = 4; lastKnownFileType = sourcecode.swift; path = MKButton.swift; sourceTree = "<group>"; };
		A3D2D8421BB7D908002491ED /* MKColor.swift */ = {isa = PBXFileReference; fileEncoding = 4; lastKnownFileType = sourcecode.swift; path = MKColor.swift; sourceTree = "<group>"; };
		A3D2D8431BB7D908002491ED /* MKImageView.swift */ = {isa = PBXFileReference; fileEncoding = 4; lastKnownFileType = sourcecode.swift; path = MKImageView.swift; sourceTree = "<group>"; };
		A3D2D8441BB7D908002491ED /* MKLabel.swift */ = {isa = PBXFileReference; fileEncoding = 4; lastKnownFileType = sourcecode.swift; path = MKLabel.swift; sourceTree = "<group>"; };
		A3D2D8451BB7D908002491ED /* MKLayer.swift */ = {isa = PBXFileReference; fileEncoding = 4; lastKnownFileType = sourcecode.swift; path = MKLayer.swift; sourceTree = "<group>"; };
		A3D2D8461BB7D908002491ED /* MKTableViewCell.swift */ = {isa = PBXFileReference; fileEncoding = 4; lastKnownFileType = sourcecode.swift; path = MKTableViewCell.swift; sourceTree = "<group>"; };
		A3D2D8471BB7D908002491ED /* MKTextField.swift */ = {isa = PBXFileReference; fileEncoding = 4; lastKnownFileType = sourcecode.swift; path = MKTextField.swift; sourceTree = "<group>"; };
		A3D2D88E1BB80BB3002491ED /* libsqlite3.tbd */ = {isa = PBXFileReference; lastKnownFileType = "sourcecode.text-based-dylib-definition"; name = libsqlite3.tbd; path = usr/lib/libsqlite3.tbd; sourceTree = SDKROOT; };
		A3D2D8AD1BB827FB002491ED /* data.db */ = {isa = PBXFileReference; fileEncoding = 4; lastKnownFileType = text; name = data.db; path = SWHYClient/data.db; sourceTree = "<group>"; };
		A3D6BFF81D61FC38008EE6F3 /* lame.framework */ = {isa = PBXFileReference; lastKnownFileType = wrapper.framework; name = lame.framework; path = framework/lame.framework; sourceTree = "<group>"; };
		A3D6BFFB1D61FF65008EE6F3 /* AudioWrapper.m */ = {isa = PBXFileReference; fileEncoding = 4; lastKnownFileType = sourcecode.c.objc; name = AudioWrapper.m; path = OC/AudioWrapper.m; sourceTree = "<group>"; };
		A3D6BFFD1D620066008EE6F3 /* AudioWrapper.h */ = {isa = PBXFileReference; lastKnownFileType = sourcecode.c.h; name = AudioWrapper.h; path = OC/AudioWrapper.h; sourceTree = "<group>"; };
		A3E8BA381CC2D4FA00B79E27 /* CoreDataModel.xcdatamodel */ = {isa = PBXFileReference; lastKnownFileType = wrapper.xcdatamodel; path = CoreDataModel.xcdatamodel; sourceTree = "<group>"; };
		A3EA2CFD1D3E617B002D936D /* libWeChatSDK.a */ = {isa = PBXFileReference; lastKnownFileType = archive.ar; path = libWeChatSDK.a; sourceTree = "<group>"; };
		A3EA2CFE1D3E617B002D936D /* WXApi.h */ = {isa = PBXFileReference; fileEncoding = 4; lastKnownFileType = sourcecode.c.h; path = WXApi.h; sourceTree = "<group>"; };
		A3EA2CFF1D3E617B002D936D /* WXApiObject.h */ = {isa = PBXFileReference; fileEncoding = 4; lastKnownFileType = sourcecode.c.h; path = WXApiObject.h; sourceTree = "<group>"; };
		A3EA2D011D3E6227002D936D /* SystemConfiguration.framework */ = {isa = PBXFileReference; lastKnownFileType = wrapper.framework; name = SystemConfiguration.framework; path = System/Library/Frameworks/SystemConfiguration.framework; sourceTree = SDKROOT; };
		A3EA2D031D3E625B002D936D /* libz.tbd */ = {isa = PBXFileReference; lastKnownFileType = "sourcecode.text-based-dylib-definition"; name = libz.tbd; path = usr/lib/libz.tbd; sourceTree = SDKROOT; };
		A3EA2D051D3E626C002D936D /* libsqlite3.0.tbd */ = {isa = PBXFileReference; lastKnownFileType = "sourcecode.text-based-dylib-definition"; name = libsqlite3.0.tbd; path = usr/lib/libsqlite3.0.tbd; sourceTree = SDKROOT; };
		A3EA2D071D3E627C002D936D /* libc++.tbd */ = {isa = PBXFileReference; lastKnownFileType = "sourcecode.text-based-dylib-definition"; name = "libc++.tbd"; path = "usr/lib/libc++.tbd"; sourceTree = SDKROOT; };
		A3F7A9961BDB9EC500923D23 /* Security.framework */ = {isa = PBXFileReference; lastKnownFileType = wrapper.framework; name = Security.framework; path = System/Library/Frameworks/Security.framework; sourceTree = SDKROOT; };
		A3F7A9D21BDBA61100923D23 /* KeychainService.swift */ = {isa = PBXFileReference; fileEncoding = 4; lastKnownFileType = sourcecode.swift; path = KeychainService.swift; sourceTree = "<group>"; };
		A3F7A9D41BDBA66100923D23 /* KeychainQuery.swift */ = {isa = PBXFileReference; fileEncoding = 4; lastKnownFileType = sourcecode.swift; path = KeychainQuery.swift; sourceTree = "<group>"; };
		A3F7A9D61BDBA68800923D23 /* KeychainItem.swift */ = {isa = PBXFileReference; fileEncoding = 4; lastKnownFileType = sourcecode.swift; path = KeychainItem.swift; sourceTree = "<group>"; };
		A3F7A9D81BDBA6AF00923D23 /* Keychain.swift */ = {isa = PBXFileReference; fileEncoding = 4; lastKnownFileType = sourcecode.swift; path = Keychain.swift; sourceTree = "<group>"; };
		A3F7A9DA1BDBA6DE00923D23 /* GenericKey.swift */ = {isa = PBXFileReference; fileEncoding = 4; lastKnownFileType = sourcecode.swift; path = GenericKey.swift; sourceTree = "<group>"; };
		A3F7A9DC1BDBA70200923D23 /* ArchiveKey.swift */ = {isa = PBXFileReference; fileEncoding = 4; lastKnownFileType = sourcecode.swift; path = ArchiveKey.swift; sourceTree = "<group>"; };
/* End PBXFileReference section */

/* Begin PBXFrameworksBuildPhase section */
		A3C73AFD1ABDEF96002C299D /* Frameworks */ = {
			isa = PBXFrameworksBuildPhase;
			buildActionMask = 2147483647;
			files = (
				A3D6BFF91D61FC38008EE6F3 /* lame.framework in Frameworks */,
				A3C997B11D3E66CC006EE61D /* CoreTelephony.framework in Frameworks */,
				A3EA2D081D3E627C002D936D /* libc++.tbd in Frameworks */,
				A3EA2D061D3E626C002D936D /* libsqlite3.0.tbd in Frameworks */,
				A3EA2D041D3E625B002D936D /* libz.tbd in Frameworks */,
				A3EA2D021D3E6227002D936D /* SystemConfiguration.framework in Frameworks */,
				A3F7A9971BDB9EC500923D23 /* Security.framework in Frameworks */,
				A3D2D88F1BB80BB3002491ED /* libsqlite3.tbd in Frameworks */,
				A3EA2D001D3E617B002D936D /* libWeChatSDK.a in Frameworks */,
			);
			runOnlyForDeploymentPostprocessing = 0;
		};
		A3C73B151ABDEF96002C299D /* Frameworks */ = {
			isa = PBXFrameworksBuildPhase;
			buildActionMask = 2147483647;
			files = (
			);
			runOnlyForDeploymentPostprocessing = 0;
		};
/* End PBXFrameworksBuildPhase section */

/* Begin PBXGroup section */
		A3532B671D16551A00C47D97 /* UniveralLink */ = {
			isa = PBXGroup;
			children = (
			);
			name = UniveralLink;
			sourceTree = "<group>";
		};
		A369067E1D4DCE180043AFB6 /* AudioRecord */ = {
			isa = PBXGroup;
			children = (
				A36906861D4DF1B90043AFB6 /* AudioRecorder.xib */,
				A369067F1D4DCE180043AFB6 /* AudioRecorderViewController.swift */,
				A36906801D4DCE180043AFB6 /* AudioRecorderViewController.xib */,
				A36906841D4DEE140043AFB6 /* AudioRecorder.swift */,
				A36100781D55A64300B45BA2 /* FileViewController.swift */,
				A3CB54DE1D5712BE00CBCFB5 /* AudioDetail.xib */,
				A3CB54E01D571C7900CBCFB5 /* AudioDetail.swift */,
			);
			path = AudioRecord;
			sourceTree = "<group>";
		};
		A3BA012A1B09B9D900EA1448 /* UIKit */ = {
			isa = PBXGroup;
			children = (
				A3BF778E1B270D3C009EBD5A /* MaterialKit */,
				A3BA012D1B09BA1800EA1448 /* AIFlatSwitch.swift */,
			);
			path = UIKit;
			sourceTree = "<group>";
		};
		A3BA348A1B16D83E002C08C5 /* CustomerAddresBook */ = {
			isa = PBXGroup;
			children = (
				A3BAC9B31B18284700DA141B /* CustomerAddressBook.xib */,
				A3BAF41C1B19796E00D3EA3C /* CustomerAddressBookCell.swift */,
				A3BAC9B51B18364900DA141B /* CustomerAddressBookCell.xib */,
				A3BAC9B61B18364900DA141B /* CustomerAddressBookHeader.xib */,
				A3BA348D1B16DC95002C08C5 /* CustomerAddressBook.swift */,
				A3BA34911B16DEC5002C08C5 /* CustomerAddressItem.swift */,
				A3BA34931B16E510002C08C5 /* CustomerAddressGroupItem.swift */,
				A3BA34951B16E81F002C08C5 /* CustomerSectionInfo.swift */,
				A3BA34971B16E8B8002C08C5 /* CustomerAddressBookHeader.swift */,
				A3C28C9D1B25CD9A0018F308 /* CustomerAddressDetail.swift */,
				A3C28C9E1B25CD9A0018F308 /* CustomerAddressDetail.xib */,
			);
			name = CustomerAddresBook;
			path = Setting/CustomerAddresBook;
			sourceTree = "<group>";
		};
		A3BA3ADA1ADE434B003025E4 /* SQLiteDB */ = {
			isa = PBXGroup;
			children = (
				A3BA3ADB1ADE434B003025E4 /* .gitignore */,
				A3BA3AFD1ADE434B003025E4 /* README.md */,
				A3BA3AFE1ADE434B003025E4 /* SQLiteDB.swift */,
				A3BA3AFF1ADE434B003025E4 /* String-Extras.swift */,
			);
			path = SQLiteDB;
			sourceTree = "<group>";
		};
		A3BA73CA1AFB2B0D002B5C2F /* Loger */ = {
			isa = PBXGroup;
			children = (
				A3BA73D21AFB3F82002B5C2F /* Loger.swift */,
				A3BA73CD1AFB3A4C002B5C2F /* AccessLogItem.swift */,
				A3C1EA2B1B27211800075F8E /* CustomerLogItem.swift */,
			);
			path = Loger;
			sourceTree = "<group>";
		};
		A3BA89371AC11A1100CDDE05 /* Pods */ = {
			isa = PBXGroup;
			children = (
				A3BA3ADA1ADE434B003025E4 /* SQLiteDB */,
				A3BA89AC1AC11A1200CDDE05 /* Local Podspecs */,
				A3BA89AD1AC11A1200CDDE05 /* SWXMLHash */,
				A3BA89B21AC11A1200CDDE05 /* Target Support Files */,
			);
			path = Pods;
			sourceTree = "<group>";
		};
		A3BA89AC1AC11A1200CDDE05 /* Local Podspecs */ = {
			isa = PBXGroup;
			children = (
			);
			path = "Local Podspecs";
			sourceTree = "<group>";
		};
		A3BA89AD1AC11A1200CDDE05 /* SWXMLHash */ = {
			isa = PBXGroup;
			children = (
				A3BA89AE1AC11A1200CDDE05 /* LICENSE */,
				A3BA89AF1AC11A1200CDDE05 /* README.md */,
				A3BA89B01AC11A1200CDDE05 /* Source */,
			);
			path = SWXMLHash;
			sourceTree = "<group>";
		};
		A3BA89B01AC11A1200CDDE05 /* Source */ = {
			isa = PBXGroup;
			children = (
				A3BA89B11AC11A1200CDDE05 /* SWXMLHash.swift */,
			);
			path = Source;
			sourceTree = "<group>";
		};
		A3BA89B21AC11A1200CDDE05 /* Target Support Files */ = {
			isa = PBXGroup;
			children = (
			);
			path = "Target Support Files";
			sourceTree = "<group>";
		};
		A3BA8A661AC1508900CDDE05 /* InnerAddrssBook */ = {
			isa = PBXGroup;
			children = (
				A3BA8A671AC1508900CDDE05 /* InnerAddressBook.swift */,
				A3BA8A681AC1508900CDDE05 /* InnerAddressBook.xib */,
				A3BA8A6B1AC1532800CDDE05 /* InnerAddresItem.swift */,
				A3B91B981AC2895900DC3D5A /* InnerAddressBookCell.swift */,
				A3B91B991AC2895900DC3D5A /* InnerAddressBookCell.xib */,
				A3C7856F1ACD1B1400428160 /* back.xib */,
				A3BC9A591ACE64FA0047F5C1 /* InnerAddressDeptItem.swift */,
				A3BC9A601ACE697A0047F5C1 /* InnerAddressBookHeader.xib */,
				A3BC9A621ACE6A6D0047F5C1 /* InnerAddressBookHeader.swift */,
				A3BC9A641ACE6CC60047F5C1 /* SectionInfo.swift */,
				A3C2E2FB1AF2199400BBBB9A /* InnerAddressDetail.swift */,
				A3C2E2FC1AF2199400BBBB9A /* InnerAddressDetail.xib */,
			);
			path = InnerAddrssBook;
			sourceTree = "<group>";
		};
		A3BD36651AD799A700B59399 /* FlowWebView */ = {
			isa = PBXGroup;
			children = (
				A3BD36661AD799A700B59399 /* FlowWebViewController.swift */,
				A3BD36681AD799D800B59399 /* FlowWebViewController.xib */,
			);
			path = FlowWebView;
			sourceTree = "<group>";
		};
		A3BDBDBB1B045E5D0085DFF1 /* Setting */ = {
			isa = PBXGroup;
			children = (
				A34298D01D3FB7B40086B27C /* WebViewMenuViewController.swift */,
				A3BDBDBC1B045E940085DFF1 /* RightMenuViewController.swift */,
				A3BDBDBE1B045EEF0085DFF1 /* InnerAddressMenuViewController.swift */,
				A3BDBDC21B04601A0085DFF1 /* NonMemuController.swift */,
				A3BDBDC41B04607E0085DFF1 /* GoViewController.swift */,
				A3BDBDC61B0460FA0085DFF1 /* UIViewControllerExtension.swift */,
				A3BDBDC81B0461980085DFF1 /* UIImageViewController.swift */,
				A3BDBDCA1B0462050085DFF1 /* BaseTableViewCell.swift */,
				A3BDBDCC1B04625D0085DFF1 /* UITableViewExtension.swift */,
				A3BDBDCE1B0462AB0085DFF1 /* StringExtension.swift */,
				A352DAFC1B05D0B90035B4AF /* MenuViewController.swift */,
				A3BA87C61B05C2350098936C /* Setting.storyboard */,
				A352DB001B05D3770035B4AF /* SettingViewController.swift */,
				A3BAAC471B1BC59700A912E6 /* CustomerAddressMenuViewController.swift */,
				A361007E1D5645DE00B45BA2 /* AudioRecorderMenuViewController.swift */,
			);
			path = Setting;
			sourceTree = "<group>";
		};
		A3BF778E1B270D3C009EBD5A /* MaterialKit */ = {
			isa = PBXGroup;
			children = (
				A3D2D8411BB7D908002491ED /* MKButton.swift */,
				A3D2D8421BB7D908002491ED /* MKColor.swift */,
				A3D2D8431BB7D908002491ED /* MKImageView.swift */,
				A3D2D8441BB7D908002491ED /* MKLabel.swift */,
				A3D2D8451BB7D908002491ED /* MKLayer.swift */,
				A3D2D8461BB7D908002491ED /* MKTableViewCell.swift */,
				A3D2D8471BB7D908002491ED /* MKTextField.swift */,
			);
			path = MaterialKit;
			sourceTree = "<group>";
		};
		A3C0000A1B1C957E0050EBCE /* SMSegmentView */ = {
			isa = PBXGroup;
			children = (
				A3C0000B1B1C95AD0050EBCE /* SMSegment.swift */,
				A3C0000D1B1C96130050EBCE /* SMSegmentView.swift */,
			);
			path = SMSegmentView;
			sourceTree = "<group>";
		};
		A3C325441B288A26000953C8 /* Swift-JSON */ = {
			isa = PBXGroup;
			children = (
				A3C325451B288A3C000953C8 /* Json.swift */,
			);
			path = "Swift-JSON";
			sourceTree = "<group>";
		};
		A3C73AF71ABDEF96002C299D = {
			isa = PBXGroup;
			children = (
				A3D6BFF81D61FC38008EE6F3 /* lame.framework */,
				A3C997B01D3E66CC006EE61D /* CoreTelephony.framework */,
				A3EA2D071D3E627C002D936D /* libc++.tbd */,
				A3EA2D051D3E626C002D936D /* libsqlite3.0.tbd */,
				A3EA2D031D3E625B002D936D /* libz.tbd */,
				A3EA2D011D3E6227002D936D /* SystemConfiguration.framework */,
				A3532B641D164CF500C47D97 /* Common.entitlements */,
				A3E8BA371CC2D4FA00B79E27 /* CoreDataModel.xcdatamodeld */,
				A3F7A9961BDB9EC500923D23 /* Security.framework */,
				A3A082801BB92CE6009E5A04 /* Info.plist */,
				A3D2D8AD1BB827FB002491ED /* data.db */,
				A3D2D88E1BB80BB3002491ED /* libsqlite3.tbd */,
				A3C73B011ABDEF96002C299D /* Products */,
				A3C73B021ABDEF96002C299D /* SWHYClient */,
				A3C73B1B1ABDEF97002C299D /* SWHYClientTests */,
			);
			sourceTree = "<group>";
		};
		A3C73B011ABDEF96002C299D /* Products */ = {
			isa = PBXGroup;
			children = (
				A3C73B001ABDEF96002C299D /* SWHYClient_DEV.app */,
				A3C73B181ABDEF96002C299D /* SWHYClient_DEV.xctest */,
			);
			name = Products;
			sourceTree = "<group>";
		};
		A3C73B021ABDEF96002C299D /* SWHYClient */ = {
			isa = PBXGroup;
			children = (
				A369067E1D4DCE180043AFB6 /* AudioRecord */,
				A3BA012A1B09B9D900EA1448 /* UIKit */,
				A3BDBDBB1B045E5D0085DFF1 /* Setting */,
				A3BA73CA1AFB2B0D002B5C2F /* Loger */,
				A3BD36651AD799A700B59399 /* FlowWebView */,
				A30C24C31AC53C8B003FBBB7 /* Images.xcassets */,
				A3BA89371AC11A1100CDDE05 /* Pods */,
				A3BA8A661AC1508900CDDE05 /* InnerAddrssBook */,
				A3BA348A1B16D83E002C08C5 /* CustomerAddresBook */,
				A3C73B2D1ABDF00D002C299D /* Login */,
				A3C73B301ABDF00D002C299D /* Main */,
				A3C73B351ABDF00D002C299D /* ToDoList */,
				A3C73B361ABDF00D002C299D /* WebView */,
				A3C73B281ABDEFD5002C299D /* Util */,
				A3C73B051ABDEF96002C299D /* AppDelegate.swift */,
				A3C73B111ABDEF96002C299D /* LaunchScreen_bak.xib */,
				A3BB358E1ADE609E0043CD94 /* Main.storyboard */,
				A3C73B071ABDEF96002C299D /* SWHYClient.xcdatamodeld */,
				A3C73B031ABDEF96002C299D /* Supporting Files */,
				A3BA33911B02FE5E00EA6A06 /* Settings.bundle */,
			);
			path = SWHYClient;
			sourceTree = "<group>";
		};
		A3C73B031ABDEF96002C299D /* Supporting Files */ = {
			isa = PBXGroup;
			children = (
				A3BCAFF61ADF7DB200C81B4D /* data.db */,
				A3C73B041ABDEF96002C299D /* Info.plist */,
			);
			name = "Supporting Files";
			sourceTree = "<group>";
		};
		A3C73B1B1ABDEF97002C299D /* SWHYClientTests */ = {
			isa = PBXGroup;
			children = (
				A3C73B1E1ABDEF97002C299D /* SWHYClientTests.swift */,
				A3C73B1C1ABDEF97002C299D /* Supporting Files */,
			);
			path = SWHYClientTests;
			sourceTree = "<group>";
		};
		A3C73B1C1ABDEF97002C299D /* Supporting Files */ = {
			isa = PBXGroup;
			children = (
				A3C73B1D1ABDEF97002C299D /* Info.plist */,
			);
			name = "Supporting Files";
			sourceTree = "<group>";
		};
		A3C73B281ABDEFD5002C299D /* Util */ = {
			isa = PBXGroup;
			children = (
				A3D6BFFA1D61FF02008EE6F3 /* OC */,
				A3EA2CFC1D3E617B002D936D /* WeChat */,
				A3532B671D16551A00C47D97 /* UniveralLink */,
				A3F7A9A91BDBA16600923D23 /* SwiftKeychain */,
				A3D2D8171BB7D5F7002491ED /* Haneke */,
				A3C325441B288A26000953C8 /* Swift-JSON */,
				A3C0000A1B1C957E0050EBCE /* SMSegmentView */,
				A3BA51471B07F21A00F1800A /* ContactHelper.swift */,
				A3BDBDB81B045A940085DFF1 /* SlideMenuController.swift */,
				A3C73B291ABDEFD5002C299D /* Config.swift */,
				A3C73B2A1ABDEFD5002C299D /* NetworkEngine.swift */,
				A3CAA52B1AC9185100600394 /* PKNotification.swift */,
				A3BE90781AD4FD5300D3630B /* Util.swift */,
				A3BD365D1AD7944700B59399 /* Message.swift */,
				A3BA3AC41ADE3B5B003025E4 /* BridgeHeader.h */,
				A3BA3A9B1ADE299C003025E4 /* DBAdapter.swift */,
				A361007C1D55BC8C00B45BA2 /* DaiFileManager.swift */,
				A3CB54E41D575A5D00CBCFB5 /* NSURL+xattr.swift */,
			);
			path = Util;
			sourceTree = "<group>";
		};
		A3C73B2D1ABDF00D002C299D /* Login */ = {
			isa = PBXGroup;
			children = (
				A3C73B2E1ABDF00D002C299D /* LoginViewController.swift */,
				A3C73B2F1ABDF00D002C299D /* LoginViewController.xib */,
			);
			path = Login;
			sourceTree = "<group>";
		};
		A3C73B301ABDF00D002C299D /* Main */ = {
			isa = PBXGroup;
			children = (
				A3C73B311ABDF00D002C299D /* MainMenuItem.swift */,
				A3C73B321ABDF00D002C299D /* MainMenuItem.xib */,
				A3C73B331ABDF00D002C299D /* MainMenuItemBO.swift */,
				A3C73B341ABDF00D002C299D /* MainViewController.swift */,
				A3CD08501ABFAB1000020495 /* MainViewController.xib */,
			);
			path = Main;
			sourceTree = "<group>";
		};
		A3C73B351ABDF00D002C299D /* ToDoList */ = {
			isa = PBXGroup;
			children = (
			);
			path = ToDoList;
			sourceTree = "<group>";
		};
		A3C73B361ABDF00D002C299D /* WebView */ = {
			isa = PBXGroup;
			children = (
				A3C73B371ABDF00D002C299D /* WebViewController.swift */,
				A3C73B381ABDF00D002C299D /* WebViewController.xib */,
			);
			path = WebView;
			sourceTree = "<group>";
		};
		A3D2D8171BB7D5F7002491ED /* Haneke */ = {
			isa = PBXGroup;
			children = (
				A3D2D8181BB7D5F7002491ED /* Cache.swift */,
				A3D2D8191BB7D5F7002491ED /* CGSize+Swift.swift */,
				A3D2D81A1BB7D5F7002491ED /* CryptoSwiftMD5.swift */,
				A3D2D81B1BB7D5F7002491ED /* Data.swift */,
				A3D2D81C1BB7D5F7002491ED /* DiskCache.swift */,
				A3D2D81D1BB7D5F7002491ED /* DiskFetcher.swift */,
				A3D2D81E1BB7D5F7002491ED /* Fetch.swift */,
				A3D2D81F1BB7D5F7002491ED /* Fetcher.swift */,
				A3D2D8201BB7D5F7002491ED /* Format.swift */,
				A3D2D8211BB7D5F7002491ED /* Haneke.h */,
				A3D2D8221BB7D5F7002491ED /* Haneke.swift */,
				A3D2D8231BB7D5F7002491ED /* Info.plist */,
				A3D2D8251BB7D5F7002491ED /* NetworkFetcher.swift */,
				A3D2D8261BB7D5F7002491ED /* NSFileManager+Haneke.swift */,
				A3D2D8271BB7D5F7002491ED /* NSHTTPURLResponse+Haneke.swift */,
				A3D2D8281BB7D5F7002491ED /* String+Haneke.swift */,
				A3D2D8291BB7D5F7002491ED /* UIButton+Haneke.swift */,
				A3D2D82A1BB7D5F7002491ED /* UIImage+Haneke.swift */,
				A3D2D82B1BB7D5F7002491ED /* UIImageView+Haneke.swift */,
				A3D2D82C1BB7D5F7002491ED /* UIView+Haneke.swift */,
				A3AC2F151C5A255A00356744 /* Log.swift */,
			);
			path = Haneke;
			sourceTree = "<group>";
		};
		A3D6BFFA1D61FF02008EE6F3 /* OC */ = {
			isa = PBXGroup;
			children = (
				A3D6BFFB1D61FF65008EE6F3 /* AudioWrapper.m */,
				A3D6BFFD1D620066008EE6F3 /* AudioWrapper.h */,
			);
			name = OC;
			sourceTree = "<group>";
		};
		A3EA2CFC1D3E617B002D936D /* WeChat */ = {
			isa = PBXGroup;
			children = (
				A3EA2CFD1D3E617B002D936D /* libWeChatSDK.a */,
				A3EA2CFE1D3E617B002D936D /* WXApi.h */,
				A3EA2CFF1D3E617B002D936D /* WXApiObject.h */,
			);
			path = WeChat;
			sourceTree = "<group>";
		};
		A3F7A9A91BDBA16600923D23 /* SwiftKeychain */ = {
			isa = PBXGroup;
			children = (
				A3F7A9D21BDBA61100923D23 /* KeychainService.swift */,
				A3F7A9D41BDBA66100923D23 /* KeychainQuery.swift */,
				A3F7A9D61BDBA68800923D23 /* KeychainItem.swift */,
				A3F7A9D81BDBA6AF00923D23 /* Keychain.swift */,
				A3F7A9DA1BDBA6DE00923D23 /* GenericKey.swift */,
				A3F7A9DC1BDBA70200923D23 /* ArchiveKey.swift */,
			);
			path = SwiftKeychain;
			sourceTree = "<group>";
		};
/* End PBXGroup section */

/* Begin PBXNativeTarget section */
		A3C73AFF1ABDEF96002C299D /* SWHYClient_DEV */ = {
			isa = PBXNativeTarget;
			buildConfigurationList = A3C73B221ABDEF97002C299D /* Build configuration list for PBXNativeTarget "SWHYClient_DEV" */;
			buildPhases = (
				A3C73AFD1ABDEF96002C299D /* Frameworks */,
				A3C73AFC1ABDEF96002C299D /* Sources */,
				A3C73AFE1ABDEF96002C299D /* Resources */,
				A3BEA0EA1ABEA296003B1162 /* Embed Frameworks */,
				A3BEA1051ABEA3DC003B1162 /* CopyFiles */,
			);
			buildRules = (
			);
			dependencies = (
			);
			name = SWHYClient_DEV;
			productName = SWHYClient;
			productReference = A3C73B001ABDEF96002C299D /* SWHYClient_DEV.app */;
			productType = "com.apple.product-type.application";
		};
		A3C73B171ABDEF96002C299D /* SWHYClient_DEVTests */ = {
			isa = PBXNativeTarget;
			buildConfigurationList = A3C73B251ABDEF97002C299D /* Build configuration list for PBXNativeTarget "SWHYClient_DEVTests" */;
			buildPhases = (
				A3C73B141ABDEF96002C299D /* Sources */,
				A3C73B151ABDEF96002C299D /* Frameworks */,
				A3C73B161ABDEF96002C299D /* Resources */,
			);
			buildRules = (
			);
			dependencies = (
				A3C73B1A1ABDEF96002C299D /* PBXTargetDependency */,
			);
			name = SWHYClient_DEVTests;
			productName = SWHYClientTests;
			productReference = A3C73B181ABDEF96002C299D /* SWHYClient_DEV.xctest */;
			productType = "com.apple.product-type.bundle.unit-test";
		};
/* End PBXNativeTarget section */

/* Begin PBXProject section */
		A3C73AF81ABDEF96002C299D /* Project object */ = {
			isa = PBXProject;
			attributes = {
				LastSwiftMigration = 0700;
				LastSwiftUpdateCheck = 0700;
				LastUpgradeCheck = 0610;
				ORGANIZATIONNAME = "DY-INFO";
				TargetAttributes = {
					A3C73AFF1ABDEF96002C299D = {
						CreatedOnToolsVersion = 6.1.1;
						DevelopmentTeam = VWY3F558EY;
						SystemCapabilities = {
							com.apple.SafariKeychain = {
								enabled = 1;
							};
						};
					};
					A3C73B171ABDEF96002C299D = {
						CreatedOnToolsVersion = 6.1.1;
						DevelopmentTeam = VWY3F558EY;
						TestTargetID = A3C73AFF1ABDEF96002C299D;
					};
				};
			};
			buildConfigurationList = A3C73AFB1ABDEF96002C299D /* Build configuration list for PBXProject "SWHYClient_DEV" */;
			compatibilityVersion = "Xcode 3.2";
			developmentRegion = English;
			hasScannedForEncodings = 0;
			knownRegions = (
				en,
				Base,
			);
			mainGroup = A3C73AF71ABDEF96002C299D;
			productRefGroup = A3C73B011ABDEF96002C299D /* Products */;
			projectDirPath = "";
			projectRoot = "";
			targets = (
				A3C73AFF1ABDEF96002C299D /* SWHYClient_DEV */,
				A3C73B171ABDEF96002C299D /* SWHYClient_DEVTests */,
			);
		};
/* End PBXProject section */

/* Begin PBXResourcesBuildPhase section */
		A3C73AFE1ABDEF96002C299D /* Resources */ = {
			isa = PBXResourcesBuildPhase;
			buildActionMask = 2147483647;
			files = (
				A3CB54DF1D5712BE00CBCFB5 /* AudioDetail.xib in Resources */,
				A3532B6E1D1673A000C47D97 /* Common.entitlements in Resources */,
				A3D2D8AF1BB830E6002491ED /* Images.xcassets in Resources */,
				A3D2D8AE1BB827FB002491ED /* data.db in Resources */,
				A3D2D8AC1BB81B47002491ED /* Main.storyboard in Resources */,
				A3D2D8A21BB810E6002491ED /* InnerAddressBookHeader.xib in Resources */,
				A3D2D8A31BB810E6002491ED /* InnerAddressDetail.xib in Resources */,
				A36906871D4DF1B90043AFB6 /* AudioRecorder.xib in Resources */,
				A3D2D8A41BB810E6002491ED /* CustomerAddressBook.xib in Resources */,
				A3D2D8A51BB810E6002491ED /* CustomerAddressBookCell.xib in Resources */,
				A3D2D8A61BB810E6002491ED /* CustomerAddressBookHeader.xib in Resources */,
				A3D2D8A71BB810E6002491ED /* CustomerAddressDetail.xib in Resources */,
				A3D2D8A81BB810E6002491ED /* LoginViewController.xib in Resources */,
				A3D2D8A91BB810E6002491ED /* MainMenuItem.xib in Resources */,
				A3D2D8AA1BB810E6002491ED /* MainViewController.xib in Resources */,
				A3D2D8AB1BB810E6002491ED /* WebViewController.xib in Resources */,
				A3D2D8A11BB81080002491ED /* InnerAddressBookCell.xib in Resources */,
				A3D2D8A01BB81071002491ED /* InnerAddressBook.xib in Resources */,
				A3D2D8981BB8104D002491ED /* MKButton.swift in Resources */,
				A3D2D8991BB8104D002491ED /* MKColor.swift in Resources */,
				A3D2D89A1BB8104E002491ED /* MKImageView.swift in Resources */,
				A36906821D4DCE180043AFB6 /* AudioRecorderViewController.xib in Resources */,
				A3D2D89B1BB8104E002491ED /* MKLabel.swift in Resources */,
				A3D2D89C1BB8104E002491ED /* MKLayer.swift in Resources */,
				A3D2D89D1BB8104E002491ED /* MKTableViewCell.swift in Resources */,
				A3D2D89E1BB8104E002491ED /* MKTextField.swift in Resources */,
				A3D2D8971BB81038002491ED /* FlowWebViewController.xib in Resources */,
				A3A082811BB92CE6009E5A04 /* Info.plist in Resources */,
				A3D2D8961BB8102C002491ED /* Setting.storyboard in Resources */,
			);
			runOnlyForDeploymentPostprocessing = 0;
		};
		A3C73B161ABDEF96002C299D /* Resources */ = {
			isa = PBXResourcesBuildPhase;
			buildActionMask = 2147483647;
			files = (
			);
			runOnlyForDeploymentPostprocessing = 0;
		};
/* End PBXResourcesBuildPhase section */

/* Begin PBXSourcesBuildPhase section */
		A3C73AFC1ABDEF96002C299D /* Sources */ = {
			isa = PBXSourcesBuildPhase;
			buildActionMask = 2147483647;
			files = (
				A361007B1D55AD3800B45BA2 /* NSFileManager+Haneke.swift in Sources */,
				A361007A1D55AC7900B45BA2 /* FileViewController.swift in Sources */,
				A3532B6F1D16989D00C47D97 /* Common.entitlements in Sources */,
				A3D2D8901BB80DFA002491ED /* MKButton.swift in Sources */,
				A3D2D8911BB80DFA002491ED /* MKColor.swift in Sources */,
				A3D2D8921BB80DFA002491ED /* MKImageView.swift in Sources */,
				A3D2D8931BB80DFA002491ED /* MKLabel.swift in Sources */,
				A3D2D8941BB80DFA002491ED /* MKLayer.swift in Sources */,
				A3D2D8951BB80DFA002491ED /* MKTableViewCell.swift in Sources */,
				A3BA34941B16E510002C08C5 /* CustomerAddressGroupItem.swift in Sources */,
				A3D2D8391BB7D5F7002491ED /* NetworkFetcher.swift in Sources */,
				A3D2D84E1BB7D908002491ED /* MKTextField.swift in Sources */,
				A3C73B391ABDF00D002C299D /* LoginViewController.swift in Sources */,
				A3C73B3D1ABDF00D002C299D /* MainMenuItemBO.swift in Sources */,
				A3F7A9D51BDBA66100923D23 /* KeychainQuery.swift in Sources */,
				A3D2D8311BB7D5F7002491ED /* DiskCache.swift in Sources */,
				A3BD36671AD799A700B59399 /* FlowWebViewController.swift in Sources */,
				A3BDBDC51B04607E0085DFF1 /* GoViewController.swift in Sources */,
				A3BDBDBD1B045E940085DFF1 /* RightMenuViewController.swift in Sources */,
				A3C73B3B1ABDF00D002C299D /* MainMenuItem.swift in Sources */,
				A3F7A9DB1BDBA6DE00923D23 /* GenericKey.swift in Sources */,
				A3CB54E11D571C7900CBCFB5 /* AudioDetail.swift in Sources */,
				A34298D11D3FB7B40086B27C /* WebViewMenuViewController.swift in Sources */,
				A3C2E2FD1AF2199400BBBB9A /* InnerAddressDetail.swift in Sources */,
				A3BA8A691AC1508900CDDE05 /* InnerAddressBook.swift in Sources */,
				A3D2D83E1BB7D5F7002491ED /* UIImage+Haneke.swift in Sources */,
				A3BDBDCF1B0462AB0085DFF1 /* StringExtension.swift in Sources */,
				A361007D1D55BC8C00B45BA2 /* DaiFileManager.swift in Sources */,
				A3BE90791AD4FD5300D3630B /* Util.swift in Sources */,
				A3D2D8301BB7D5F7002491ED /* Data.swift in Sources */,
				A3BDBDC91B0461980085DFF1 /* UIImageViewController.swift in Sources */,
				A3D2D83F1BB7D5F7002491ED /* UIImageView+Haneke.swift in Sources */,
				A3E8BA391CC2D4FA00B79E27 /* CoreDataModel.xcdatamodeld in Sources */,
				A3BA73CE1AFB3A4C002B5C2F /* AccessLogItem.swift in Sources */,
				A3C73B3F1ABDF00D002C299D /* WebViewController.swift in Sources */,
				A3D2D83D1BB7D5F7002491ED /* UIButton+Haneke.swift in Sources */,
				A3BDBDBF1B045EEF0085DFF1 /* InnerAddressMenuViewController.swift in Sources */,
				A361007F1D5645DE00B45BA2 /* AudioRecorderMenuViewController.swift in Sources */,
				A3BAAC481B1BC59700A912E6 /* CustomerAddressMenuViewController.swift in Sources */,
				A3BA3B111ADE434B003025E4 /* SQLiteDB.swift in Sources */,
				A3D2D8361BB7D5F7002491ED /* Haneke.swift in Sources */,
				A3D2D8341BB7D5F7002491ED /* Fetcher.swift in Sources */,
				A36906811D4DCE180043AFB6 /* AudioRecorderViewController.swift in Sources */,
				A36906851D4DEE140043AFB6 /* AudioRecorder.swift in Sources */,
				A3D2D8401BB7D5F7002491ED /* UIView+Haneke.swift in Sources */,
				A3AC2F161C5A255A00356744 /* Log.swift in Sources */,
				A3BA34921B16DEC5002C08C5 /* CustomerAddressItem.swift in Sources */,
				A3BA348E1B16DC95002C08C5 /* CustomerAddressBook.swift in Sources */,
				A3BC9A631ACE6A6D0047F5C1 /* InnerAddressBookHeader.swift in Sources */,
				A3BA34981B16E8B8002C08C5 /* CustomerAddressBookHeader.swift in Sources */,
				A3C73B2C1ABDEFD5002C299D /* NetworkEngine.swift in Sources */,
				A352DAFD1B05D0B90035B4AF /* MenuViewController.swift in Sources */,
				A3F7A9DD1BDBA70200923D23 /* ArchiveKey.swift in Sources */,
				A3F7A9D91BDBA6AF00923D23 /* Keychain.swift in Sources */,
				A3C1EA2C1B27211800075F8E /* CustomerLogItem.swift in Sources */,
				A3BDBDCB1B0462050085DFF1 /* BaseTableViewCell.swift in Sources */,
				A3D6BFFC1D61FF65008EE6F3 /* AudioWrapper.m in Sources */,
				A3C73B2B1ABDEFD5002C299D /* Config.swift in Sources */,
				A3C73B3E1ABDF00D002C299D /* MainViewController.swift in Sources */,
				A3C73B061ABDEF96002C299D /* AppDelegate.swift in Sources */,
				A3C0000C1B1C95AD0050EBCE /* SMSegment.swift in Sources */,
				A3BA8A171AC11A1200CDDE05 /* SWXMLHash.swift in Sources */,
				A3D2D82F1BB7D5F7002491ED /* CryptoSwiftMD5.swift in Sources */,
				A3B91B9A1AC2895900DC3D5A /* InnerAddressBookCell.swift in Sources */,
				A3BDBDC71B0460FA0085DFF1 /* UIViewControllerExtension.swift in Sources */,
				A3D2D82D1BB7D5F7002491ED /* Cache.swift in Sources */,
				A3BDBDCD1B04625D0085DFF1 /* UITableViewExtension.swift in Sources */,
				A3D2D82E1BB7D5F7002491ED /* CGSize+Swift.swift in Sources */,
				A3D2D8351BB7D5F7002491ED /* Format.swift in Sources */,
				A3BA012E1B09BA1800EA1448 /* AIFlatSwitch.swift in Sources */,
				A3C325461B288A3C000953C8 /* Json.swift in Sources */,
				A3BA34961B16E81F002C08C5 /* CustomerSectionInfo.swift in Sources */,
				A3D2D83B1BB7D5F7002491ED /* NSHTTPURLResponse+Haneke.swift in Sources */,
				A3F7A9D31BDBA61100923D23 /* KeychainService.swift in Sources */,
				A3D2D8331BB7D5F7002491ED /* Fetch.swift in Sources */,
				A3BC9A651ACE6CC60047F5C1 /* SectionInfo.swift in Sources */,
				A3BA3B121ADE434B003025E4 /* String-Extras.swift in Sources */,
				A3D2D83C1BB7D5F7002491ED /* String+Haneke.swift in Sources */,
				A3BC9A5A1ACE64FA0047F5C1 /* InnerAddressDeptItem.swift in Sources */,
				A3BA73D31AFB3F82002B5C2F /* Loger.swift in Sources */,
				A3BA8A6C1AC1532800CDDE05 /* InnerAddresItem.swift in Sources */,
				A3BA3A9C1ADE299C003025E4 /* DBAdapter.swift in Sources */,
				A3BD365E1AD7944700B59399 /* Message.swift in Sources */,
				A3C28C9F1B25CD9A0018F308 /* CustomerAddressDetail.swift in Sources */,
				A3CB54E51D575A5D00CBCFB5 /* NSURL+xattr.swift in Sources */,
				A3D2D8321BB7D5F7002491ED /* DiskFetcher.swift in Sources */,
				A3F7A9D71BDBA68800923D23 /* KeychainItem.swift in Sources */,
				A352DB011B05D3770035B4AF /* SettingViewController.swift in Sources */,
				A3BA51481B07F21A00F1800A /* ContactHelper.swift in Sources */,
				A3BDBDC31B04601A0085DFF1 /* NonMemuController.swift in Sources */,
				A3BDBDB91B045A940085DFF1 /* SlideMenuController.swift in Sources */,
				A3C0000E1B1C96130050EBCE /* SMSegmentView.swift in Sources */,
				A3BAF41D1B19796E00D3EA3C /* CustomerAddressBookCell.swift in Sources */,
				A3CAA52C1AC9185100600394 /* PKNotification.swift in Sources */,
			);
			runOnlyForDeploymentPostprocessing = 0;
		};
		A3C73B141ABDEF96002C299D /* Sources */ = {
			isa = PBXSourcesBuildPhase;
			buildActionMask = 2147483647;
			files = (
				A3C73B1F1ABDEF97002C299D /* SWHYClientTests.swift in Sources */,
			);
			runOnlyForDeploymentPostprocessing = 0;
		};
/* End PBXSourcesBuildPhase section */

/* Begin PBXTargetDependency section */
		A3C73B1A1ABDEF96002C299D /* PBXTargetDependency */ = {
			isa = PBXTargetDependency;
			target = A3C73AFF1ABDEF96002C299D /* SWHYClient_DEV */;
			targetProxy = A3C73B191ABDEF96002C299D /* PBXContainerItemProxy */;
		};
/* End PBXTargetDependency section */

/* Begin PBXVariantGroup section */
		A3BB358E1ADE609E0043CD94 /* Main.storyboard */ = {
			isa = PBXVariantGroup;
			children = (
				A3BB358F1ADE609E0043CD94 /* Base */,
			);
			name = Main.storyboard;
			sourceTree = "<group>";
		};
		A3C73B111ABDEF96002C299D /* LaunchScreen_bak.xib */ = {
			isa = PBXVariantGroup;
			children = (
				A3C73B121ABDEF96002C299D /* Base */,
			);
			name = LaunchScreen_bak.xib;
			sourceTree = "<group>";
		};
/* End PBXVariantGroup section */

/* Begin XCBuildConfiguration section */
		A3C73B201ABDEF97002C299D /* Debug */ = {
			isa = XCBuildConfiguration;
			buildSettings = {
				ALWAYS_SEARCH_USER_PATHS = NO;
				CLANG_CXX_LANGUAGE_STANDARD = "gnu++0x";
				CLANG_CXX_LIBRARY = "libc++";
				CLANG_ENABLE_MODULES = YES;
				CLANG_ENABLE_OBJC_ARC = YES;
				CLANG_WARN_BOOL_CONVERSION = YES;
				CLANG_WARN_CONSTANT_CONVERSION = YES;
				CLANG_WARN_DIRECT_OBJC_ISA_USAGE = YES_ERROR;
				CLANG_WARN_EMPTY_BODY = YES;
				CLANG_WARN_ENUM_CONVERSION = YES;
				CLANG_WARN_INT_CONVERSION = YES;
				CLANG_WARN_OBJC_ROOT_CLASS = YES_ERROR;
				CLANG_WARN_UNREACHABLE_CODE = YES;
				CLANG_WARN__DUPLICATE_METHOD_MATCH = YES;
				CODE_SIGN_IDENTITY = "";
				"CODE_SIGN_IDENTITY[sdk=iphoneos*]" = "";
				COPY_PHASE_STRIP = YES;
				DEBUG_INFORMATION_FORMAT = "dwarf-with-dsym";
				ENABLE_STRICT_OBJC_MSGSEND = YES;
				GCC_C_LANGUAGE_STANDARD = gnu99;
				GCC_DYNAMIC_NO_PIC = NO;
				GCC_OPTIMIZATION_LEVEL = 0;
				GCC_PREPROCESSOR_DEFINITIONS = (
					"DEBUG=1",
					"$(inherited)",
				);
				GCC_SYMBOLS_PRIVATE_EXTERN = NO;
				GCC_WARN_64_TO_32_BIT_CONVERSION = YES;
				GCC_WARN_ABOUT_RETURN_TYPE = YES_ERROR;
				GCC_WARN_UNDECLARED_SELECTOR = YES;
				GCC_WARN_UNINITIALIZED_AUTOS = YES_AGGRESSIVE;
				GCC_WARN_UNUSED_FUNCTION = YES;
				GCC_WARN_UNUSED_VARIABLE = YES;
				IPHONEOS_DEPLOYMENT_TARGET = 9.0;
				MTL_ENABLE_DEBUG_INFO = YES;
				ONLY_ACTIVE_ARCH = YES;
				PROVISIONING_PROFILE = "91f631d1-f8c0-4101-985f-2fced5f75ed6";
				SDKROOT = iphoneos;
				SWIFT_OPTIMIZATION_LEVEL = "-Onone";
				VALIDATE_PRODUCT = YES;
			};
			name = Debug;
		};
		A3C73B211ABDEF97002C299D /* Release */ = {
			isa = XCBuildConfiguration;
			buildSettings = {
				ALWAYS_SEARCH_USER_PATHS = NO;
				CLANG_CXX_LANGUAGE_STANDARD = "gnu++0x";
				CLANG_CXX_LIBRARY = "libc++";
				CLANG_ENABLE_MODULES = YES;
				CLANG_ENABLE_OBJC_ARC = YES;
				CLANG_WARN_BOOL_CONVERSION = YES;
				CLANG_WARN_CONSTANT_CONVERSION = YES;
				CLANG_WARN_DIRECT_OBJC_ISA_USAGE = YES_ERROR;
				CLANG_WARN_EMPTY_BODY = YES;
				CLANG_WARN_ENUM_CONVERSION = YES;
				CLANG_WARN_INT_CONVERSION = YES;
				CLANG_WARN_OBJC_ROOT_CLASS = YES_ERROR;
				CLANG_WARN_UNREACHABLE_CODE = YES;
				CLANG_WARN__DUPLICATE_METHOD_MATCH = YES;
				CODE_SIGN_IDENTITY = "iPhone Distribution: Shanghai Dengyan Information Technology Co., Ltd.";
				"CODE_SIGN_IDENTITY[sdk=iphoneos*]" = "iPhone Distribution: Shanghai Dengyan Information Technology Co., Ltd.";
				COPY_PHASE_STRIP = YES;
				DEBUG_INFORMATION_FORMAT = "dwarf-with-dsym";
				ENABLE_NS_ASSERTIONS = NO;
				ENABLE_STRICT_OBJC_MSGSEND = YES;
				GCC_C_LANGUAGE_STANDARD = gnu99;
				GCC_WARN_64_TO_32_BIT_CONVERSION = YES;
				GCC_WARN_ABOUT_RETURN_TYPE = YES_ERROR;
				GCC_WARN_UNDECLARED_SELECTOR = YES;
				GCC_WARN_UNINITIALIZED_AUTOS = YES_AGGRESSIVE;
				GCC_WARN_UNUSED_FUNCTION = YES;
				GCC_WARN_UNUSED_VARIABLE = YES;
				IPHONEOS_DEPLOYMENT_TARGET = 9.0;
				MTL_ENABLE_DEBUG_INFO = NO;
				ONLY_ACTIVE_ARCH = NO;
				PROVISIONING_PROFILE = "91f631d1-f8c0-4101-985f-2fced5f75ed6";
				SDKROOT = iphoneos;
				VALIDATE_PRODUCT = YES;
			};
			name = Release;
		};
		A3C73B231ABDEF97002C299D /* Debug */ = {
			isa = XCBuildConfiguration;
			buildSettings = {
				ASSETCATALOG_COMPILER_APPICON_NAME = AppIcon;
				BUNDLE_LOADER = "";
				CLANG_ENABLE_MODULES = YES;
				CODE_SIGN_ENTITLEMENTS = SWHYClient/Common.entitlements;
				CODE_SIGN_IDENTITY = "iPhone Developer: Yonghua Lu (A27223J676)";
				"CODE_SIGN_IDENTITY[sdk=iphoneos*]" = "iPhone Developer: Yonghua Lu (A27223J676)";
				DEBUG_INFORMATION_FORMAT = dwarf;
				EMBEDDED_CONTENT_CONTAINS_SWIFT = YES;
				FRAMEWORK_SEARCH_PATHS = (
					"$(inherited)",
					"$(PROJECT_DIR)/framework",
				);
				INFOPLIST_FILE = SWHYClient/Info.plist;
				IPHONEOS_DEPLOYMENT_TARGET = 9.2;
				LD_RUNPATH_SEARCH_PATHS = "$(inherited) @executable_path/Frameworks";
				LIBRARY_SEARCH_PATHS = (
					"$(inherited)",
					"$(PROJECT_DIR)/SWHYClient/Util/WeChat",
				);
				OTHER_LDFLAGS = (
					"-all_load",
					"-ObjC",
				);
				PRODUCT_BUNDLE_IDENTIFIER = "com.dy-info.swhyclient-dev";
				PRODUCT_NAME = SWHYClient_DEV;
				PROVISIONING_PROFILE = "48bb29e5-7675-4c48-a46d-6290b132b5ef";
				SWIFT_OBJC_BRIDGING_HEADER = SWHYClient/Util/BridgeHeader.h;
				SWIFT_OPTIMIZATION_LEVEL = "-O";
				TARGETED_DEVICE_FAMILY = 1;
			};
			name = Debug;
		};
		A3C73B241ABDEF97002C299D /* Release */ = {
			isa = XCBuildConfiguration;
			buildSettings = {
				ASSETCATALOG_COMPILER_APPICON_NAME = AppIcon;
				BUNDLE_LOADER = "";
				CLANG_ENABLE_MODULES = YES;
				CODE_SIGN_ENTITLEMENTS = SWHYClient/Common.entitlements;
				CODE_SIGN_IDENTITY = "iPhone Developer: Yonghua Lu (A27223J676)";
				"CODE_SIGN_IDENTITY[sdk=iphoneos*]" = "iPhone Developer: Yonghua Lu (A27223J676)";
				DEBUG_INFORMATION_FORMAT = dwarf;
				EMBEDDED_CONTENT_CONTAINS_SWIFT = YES;
				FRAMEWORK_SEARCH_PATHS = (
					"$(inherited)",
					"$(PROJECT_DIR)/framework",
				);
				INFOPLIST_FILE = SWHYClient/Info.plist;
				IPHONEOS_DEPLOYMENT_TARGET = 9.2;
				LD_RUNPATH_SEARCH_PATHS = "$(inherited) @executable_path/Frameworks";
				LIBRARY_SEARCH_PATHS = (
					"$(inherited)",
					"$(PROJECT_DIR)/SWHYClient/Util/WeChat",
				);
				OTHER_LDFLAGS = (
					"-all_load",
					"-ObjC",
				);
				PRODUCT_BUNDLE_IDENTIFIER = "com.dy-info.swhyclient-dev";
				PRODUCT_NAME = SWHYClient_DEV;
				PROVISIONING_PROFILE = "91f631d1-f8c0-4101-985f-2fced5f75ed6";
				SWIFT_OBJC_BRIDGING_HEADER = SWHYClient/Util/BridgeHeader.h;
				TARGETED_DEVICE_FAMILY = 1;
			};
			name = Release;
		};
		A3C73B261ABDEF97002C299D /* Debug */ = {
			isa = XCBuildConfiguration;
			buildSettings = {
				BUNDLE_LOADER = "";
				CODE_SIGN_IDENTITY = "iPhone Developer";
				"CODE_SIGN_IDENTITY[sdk=iphoneos*]" = "iPhone Developer";
				FRAMEWORK_SEARCH_PATHS = (
					"$(SDKROOT)/Developer/Library/Frameworks",
					"$(inherited)",
				);
				GCC_PREPROCESSOR_DEFINITIONS = (
					"DEBUG=1",
					"$(inherited)",
				);
				INFOPLIST_FILE = SWHYClientTests/Info.plist;
				LD_RUNPATH_SEARCH_PATHS = "$(inherited) @executable_path/Frameworks @loader_path/Frameworks";
				PRODUCT_NAME = SWHYClient_DEV;
				PROVISIONING_PROFILE = "";
				TEST_HOST = "$(BUILT_PRODUCTS_DIR)/SWHYClient_DEV.app/SWHYClient_DEV";
			};
			name = Debug;
		};
		A3C73B271ABDEF97002C299D /* Release */ = {
			isa = XCBuildConfiguration;
			buildSettings = {
				BUNDLE_LOADER = "";
				CODE_SIGN_IDENTITY = "iPhone Developer";
				"CODE_SIGN_IDENTITY[sdk=iphoneos*]" = "iPhone Developer";
				FRAMEWORK_SEARCH_PATHS = (
					"$(SDKROOT)/Developer/Library/Frameworks",
					"$(inherited)",
				);
				INFOPLIST_FILE = SWHYClientTests/Info.plist;
				LD_RUNPATH_SEARCH_PATHS = "$(inherited) @executable_path/Frameworks @loader_path/Frameworks";
				PRODUCT_NAME = SWHYClient_DEV;
				PROVISIONING_PROFILE = "";
				TEST_HOST = "$(BUILT_PRODUCTS_DIR)/SWHYClient_DEV.app/SWHYClient_DEV";
			};
			name = Release;
		};
/* End XCBuildConfiguration section */

/* Begin XCConfigurationList section */
		A3C73AFB1ABDEF96002C299D /* Build configuration list for PBXProject "SWHYClient_DEV" */ = {
			isa = XCConfigurationList;
			buildConfigurations = (
				A3C73B201ABDEF97002C299D /* Debug */,
				A3C73B211ABDEF97002C299D /* Release */,
			);
			defaultConfigurationIsVisible = 0;
			defaultConfigurationName = Release;
		};
		A3C73B221ABDEF97002C299D /* Build configuration list for PBXNativeTarget "SWHYClient_DEV" */ = {
			isa = XCConfigurationList;
			buildConfigurations = (
				A3C73B231ABDEF97002C299D /* Debug */,
				A3C73B241ABDEF97002C299D /* Release */,
			);
			defaultConfigurationIsVisible = 0;
			defaultConfigurationName = Release;
		};
		A3C73B251ABDEF97002C299D /* Build configuration list for PBXNativeTarget "SWHYClient_DEVTests" */ = {
			isa = XCConfigurationList;
			buildConfigurations = (
				A3C73B261ABDEF97002C299D /* Debug */,
				A3C73B271ABDEF97002C299D /* Release */,
			);
			defaultConfigurationIsVisible = 0;
			defaultConfigurationName = Release;
		};
/* End XCConfigurationList section */

/* Begin XCVersionGroup section */
		A3C73B071ABDEF96002C299D /* SWHYClient.xcdatamodeld */ = {
			isa = XCVersionGroup;
			children = (
				A3C73B081ABDEF96002C299D /* SWHYClient.xcdatamodel */,
			);
			currentVersion = A3C73B081ABDEF96002C299D /* SWHYClient.xcdatamodel */;
			path = SWHYClient.xcdatamodeld;
			sourceTree = "<group>";
			versionGroupType = wrapper.xcdatamodel;
		};
		A3E8BA371CC2D4FA00B79E27 /* CoreDataModel.xcdatamodeld */ = {
			isa = XCVersionGroup;
			children = (
				A3E8BA381CC2D4FA00B79E27 /* CoreDataModel.xcdatamodel */,
			);
			currentVersion = A3E8BA381CC2D4FA00B79E27 /* CoreDataModel.xcdatamodel */;
			path = CoreDataModel.xcdatamodeld;
			sourceTree = "<group>";
			versionGroupType = wrapper.xcdatamodel;
		};
/* End XCVersionGroup section */
	};
	rootObject = A3C73AF81ABDEF96002C299D /* Project object */;
}
